// !$*UTF8*$!
{
	archiveVersion = 1;
	classes = {
	};
	objectVersion = 52;
	objects = {

/* Begin PBXBuildFile section */
		26DC0F6C2398363A00D41B08 /* AppDelegate.swift in Sources */ = {isa = PBXBuildFile; fileRef = 26DC0F6B2398363A00D41B08 /* AppDelegate.swift */; };
		26DC0F6E2398363A00D41B08 /* ViewController.swift in Sources */ = {isa = PBXBuildFile; fileRef = 26DC0F6D2398363A00D41B08 /* ViewController.swift */; };
		26DC0F712398363A00D41B08 /* Main.storyboard in Resources */ = {isa = PBXBuildFile; fileRef = 26DC0F6F2398363A00D41B08 /* Main.storyboard */; };
		26DC0F732398363B00D41B08 /* Assets.xcassets in Resources */ = {isa = PBXBuildFile; fileRef = 26DC0F722398363B00D41B08 /* Assets.xcassets */; };
		26DC0F762398363B00D41B08 /* LaunchScreen.storyboard in Resources */ = {isa = PBXBuildFile; fileRef = 26DC0F742398363B00D41B08 /* LaunchScreen.storyboard */; };
		F77F88F1255396AD00309E51 /* App.xcframework in Frameworks */ = {isa = PBXBuildFile; fileRef = F77F88EF255396AD00309E51 /* App.xcframework */; };
		F77F88F2255396AD00309E51 /* Flutter.xcframework in Frameworks */ = {isa = PBXBuildFile; fileRef = F77F88F0255396AD00309E51 /* Flutter.xcframework */; };
		F77F88F3255396B800309E51 /* App.xcframework in Embed Frameworks */ = {isa = PBXBuildFile; fileRef = F77F88EF255396AD00309E51 /* App.xcframework */; settings = {ATTRIBUTES = (CodeSignOnCopy, RemoveHeadersOnCopy, ); }; };
		F77F88F4255396B800309E51 /* Flutter.xcframework in Embed Frameworks */ = {isa = PBXBuildFile; fileRef = F77F88F0255396AD00309E51 /* Flutter.xcframework */; settings = {ATTRIBUTES = (CodeSignOnCopy, RemoveHeadersOnCopy, ); }; };
/* End PBXBuildFile section */

/* Begin PBXCopyFilesBuildPhase section */
		269CD2B3239B23BA0091DFB6 /* Embed Frameworks */ = {
			isa = PBXCopyFilesBuildPhase;
			buildActionMask = 2147483647;
			dstPath = "";
			dstSubfolderSpec = 10;
			files = (
				F77F88F3255396B800309E51 /* App.xcframework in Embed Frameworks */,
				F77F88F4255396B800309E51 /* Flutter.xcframework in Embed Frameworks */,
			);
			name = "Embed Frameworks";
			runOnlyForDeploymentPostprocessing = 0;
		};
/* End PBXCopyFilesBuildPhase section */

/* Begin PBXFileReference section */
		26DC0F682398363A00D41B08 /* IOSUsingPrebuiltModule.app */ = {isa = PBXFileReference; explicitFileType = wrapper.application; includeInIndex = 0; path = IOSUsingPrebuiltModule.app; sourceTree = BUILT_PRODUCTS_DIR; };
		26DC0F6B2398363A00D41B08 /* AppDelegate.swift */ = {isa = PBXFileReference; lastKnownFileType = sourcecode.swift; path = AppDelegate.swift; sourceTree = "<group>"; };
		26DC0F6D2398363A00D41B08 /* ViewController.swift */ = {isa = PBXFileReference; lastKnownFileType = sourcecode.swift; path = ViewController.swift; sourceTree = "<group>"; };
		26DC0F702398363A00D41B08 /* Base */ = {isa = PBXFileReference; lastKnownFileType = file.storyboard; name = Base; path = Base.lproj/Main.storyboard; sourceTree = "<group>"; };
		26DC0F722398363B00D41B08 /* Assets.xcassets */ = {isa = PBXFileReference; lastKnownFileType = folder.assetcatalog; path = Assets.xcassets; sourceTree = "<group>"; };
		26DC0F752398363B00D41B08 /* Base */ = {isa = PBXFileReference; lastKnownFileType = file.storyboard; name = Base; path = Base.lproj/LaunchScreen.storyboard; sourceTree = "<group>"; };
		26DC0F772398363B00D41B08 /* Info-Debug.plist */ = {isa = PBXFileReference; lastKnownFileType = text.plist.xml; path = "Info-Debug.plist"; sourceTree = "<group>"; };
		F77F88EF255396AD00309E51 /* App.xcframework */ = {isa = PBXFileReference; lastKnownFileType = wrapper.xcframework; name = App.xcframework; path = "Flutter/$(CONFIGURATION)/App.xcframework"; sourceTree = "<group>"; };
		F77F88F0255396AD00309E51 /* Flutter.xcframework */ = {isa = PBXFileReference; lastKnownFileType = wrapper.xcframework; name = Flutter.xcframework; path = "Flutter/$(CONFIGURATION)/Flutter.xcframework"; sourceTree = "<group>"; };
		F7C7993B251EF8C000650C20 /* Info-Release.plist */ = {isa = PBXFileReference; fileEncoding = 4; lastKnownFileType = text.plist.xml; path = "Info-Release.plist"; sourceTree = "<group>"; };
/* End PBXFileReference section */

/* Begin PBXFrameworksBuildPhase section */
		26DC0F652398363A00D41B08 /* Frameworks */ = {
			isa = PBXFrameworksBuildPhase;
			buildActionMask = 2147483647;
			files = (
				F77F88F1255396AD00309E51 /* App.xcframework in Frameworks */,
				F77F88F2255396AD00309E51 /* Flutter.xcframework in Frameworks */,
			);
			runOnlyForDeploymentPostprocessing = 0;
		};
/* End PBXFrameworksBuildPhase section */

/* Begin PBXGroup section */
		269CD2AC239B23BA0091DFB6 /* Frameworks */ = {
			isa = PBXGroup;
			children = (
				F77F88EF255396AD00309E51 /* App.xcframework */,
				F77F88F0255396AD00309E51 /* Flutter.xcframework */,
			);
			name = Frameworks;
			sourceTree = "<group>";
		};
		26DC0F5F2398363A00D41B08 = {
			isa = PBXGroup;
			children = (
				26DC0F6A2398363A00D41B08 /* IOSUsingPrebuiltModule */,
				26DC0F692398363A00D41B08 /* Products */,
				269CD2AC239B23BA0091DFB6 /* Frameworks */,
			);
			sourceTree = "<group>";
		};
		26DC0F692398363A00D41B08 /* Products */ = {
			isa = PBXGroup;
			children = (
				26DC0F682398363A00D41B08 /* IOSUsingPrebuiltModule.app */,
			);
			name = Products;
			sourceTree = "<group>";
		};
		26DC0F6A2398363A00D41B08 /* IOSUsingPrebuiltModule */ = {
			isa = PBXGroup;
			children = (
				26DC0F6B2398363A00D41B08 /* AppDelegate.swift */,
				26DC0F6D2398363A00D41B08 /* ViewController.swift */,
				26DC0F6F2398363A00D41B08 /* Main.storyboard */,
				26DC0F722398363B00D41B08 /* Assets.xcassets */,
				26DC0F742398363B00D41B08 /* LaunchScreen.storyboard */,
				26DC0F772398363B00D41B08 /* Info-Debug.plist */,
				F7C7993B251EF8C000650C20 /* Info-Release.plist */,
			);
			path = IOSUsingPrebuiltModule;
			sourceTree = "<group>";
		};
/* End PBXGroup section */

/* Begin PBXNativeTarget section */
		26DC0F672398363A00D41B08 /* IOSUsingPrebuiltModule */ = {
			isa = PBXNativeTarget;
			buildConfigurationList = 26DC0F902398363C00D41B08 /* Build configuration list for PBXNativeTarget "IOSUsingPrebuiltModule" */;
			buildPhases = (
				26DC0F642398363A00D41B08 /* Sources */,
				26DC0F652398363A00D41B08 /* Frameworks */,
				26DC0F662398363A00D41B08 /* Resources */,
				269CD2B3239B23BA0091DFB6 /* Embed Frameworks */,
			);
			buildRules = (
			);
			dependencies = (
			);
			name = IOSUsingPrebuiltModule;
			productName = IOSUsingPrebuiltModule;
			productReference = 26DC0F682398363A00D41B08 /* IOSUsingPrebuiltModule.app */;
			productType = "com.apple.product-type.application";
		};
/* End PBXNativeTarget section */

/* Begin PBXProject section */
		26DC0F602398363A00D41B08 /* Project object */ = {
			isa = PBXProject;
			attributes = {
				LastSwiftUpdateCheck = 1030;
				LastUpgradeCheck = 1030;
				ORGANIZATIONNAME = "";
				TargetAttributes = {
					26DC0F672398363A00D41B08 = {
						CreatedOnToolsVersion = 10.3;
					};
				};
			};
			buildConfigurationList = 26DC0F632398363A00D41B08 /* Build configuration list for PBXProject "IOSUsingPrebuiltModule" */;
			compatibilityVersion = "Xcode 9.3";
			developmentRegion = en;
			hasScannedForEncodings = 0;
			knownRegions = (
				en,
				Base,
			);
			mainGroup = 26DC0F5F2398363A00D41B08;
			productRefGroup = 26DC0F692398363A00D41B08 /* Products */;
			projectDirPath = "";
			projectRoot = "";
			targets = (
				26DC0F672398363A00D41B08 /* IOSUsingPrebuiltModule */,
			);
		};
/* End PBXProject section */

/* Begin PBXResourcesBuildPhase section */
		26DC0F662398363A00D41B08 /* Resources */ = {
			isa = PBXResourcesBuildPhase;
			buildActionMask = 2147483647;
			files = (
				26DC0F762398363B00D41B08 /* LaunchScreen.storyboard in Resources */,
				26DC0F732398363B00D41B08 /* Assets.xcassets in Resources */,
				26DC0F712398363A00D41B08 /* Main.storyboard in Resources */,
			);
			runOnlyForDeploymentPostprocessing = 0;
		};
/* End PBXResourcesBuildPhase section */

/* Begin PBXSourcesBuildPhase section */
		26DC0F642398363A00D41B08 /* Sources */ = {
			isa = PBXSourcesBuildPhase;
			buildActionMask = 2147483647;
			files = (
				26DC0F6E2398363A00D41B08 /* ViewController.swift in Sources */,
				26DC0F6C2398363A00D41B08 /* AppDelegate.swift in Sources */,
			);
			runOnlyForDeploymentPostprocessing = 0;
		};
/* End PBXSourcesBuildPhase section */

/* Begin PBXVariantGroup section */
		26DC0F6F2398363A00D41B08 /* Main.storyboard */ = {
			isa = PBXVariantGroup;
			children = (
				26DC0F702398363A00D41B08 /* Base */,
			);
			name = Main.storyboard;
			sourceTree = "<group>";
		};
		26DC0F742398363B00D41B08 /* LaunchScreen.storyboard */ = {
			isa = PBXVariantGroup;
			children = (
				26DC0F752398363B00D41B08 /* Base */,
			);
			name = LaunchScreen.storyboard;
			sourceTree = "<group>";
		};
/* End PBXVariantGroup section */

/* Begin XCBuildConfiguration section */
		26DC0F8E2398363C00D41B08 /* Debug */ = {
			isa = XCBuildConfiguration;
			buildSettings = {
				ALWAYS_SEARCH_USER_PATHS = NO;
				CLANG_ANALYZER_NONNULL = YES;
				CLANG_ANALYZER_NUMBER_OBJECT_CONVERSION = YES_AGGRESSIVE;
				CLANG_CXX_LANGUAGE_STANDARD = "gnu++14";
				CLANG_CXX_LIBRARY = "libc++";
				CLANG_ENABLE_MODULES = YES;
				CLANG_ENABLE_OBJC_ARC = YES;
				CLANG_ENABLE_OBJC_WEAK = YES;
				CLANG_WARN_BLOCK_CAPTURE_AUTORELEASING = YES;
				CLANG_WARN_BOOL_CONVERSION = YES;
				CLANG_WARN_COMMA = YES;
				CLANG_WARN_CONSTANT_CONVERSION = YES;
				CLANG_WARN_DEPRECATED_OBJC_IMPLEMENTATIONS = YES;
				CLANG_WARN_DIRECT_OBJC_ISA_USAGE = YES_ERROR;
				CLANG_WARN_DOCUMENTATION_COMMENTS = YES;
				CLANG_WARN_EMPTY_BODY = YES;
				CLANG_WARN_ENUM_CONVERSION = YES;
				CLANG_WARN_INFINITE_RECURSION = YES;
				CLANG_WARN_INT_CONVERSION = YES;
				CLANG_WARN_NON_LITERAL_NULL_CONVERSION = YES;
				CLANG_WARN_OBJC_IMPLICIT_RETAIN_SELF = YES;
				CLANG_WARN_OBJC_LITERAL_CONVERSION = YES;
				CLANG_WARN_OBJC_ROOT_CLASS = YES_ERROR;
				CLANG_WARN_RANGE_LOOP_ANALYSIS = YES;
				CLANG_WARN_STRICT_PROTOTYPES = YES;
				CLANG_WARN_SUSPICIOUS_MOVE = YES;
				CLANG_WARN_UNGUARDED_AVAILABILITY = YES_AGGRESSIVE;
				CLANG_WARN_UNREACHABLE_CODE = YES;
				CLANG_WARN__DUPLICATE_METHOD_MATCH = YES;
				CODE_SIGN_IDENTITY = "iPhone Developer";
				COPY_PHASE_STRIP = NO;
				DEBUG_INFORMATION_FORMAT = dwarf;
				ENABLE_STRICT_OBJC_MSGSEND = YES;
				ENABLE_TESTABILITY = YES;
				GCC_C_LANGUAGE_STANDARD = gnu11;
				GCC_DYNAMIC_NO_PIC = NO;
				GCC_NO_COMMON_BLOCKS = YES;
				GCC_OPTIMIZATION_LEVEL = 0;
				GCC_PREPROCESSOR_DEFINITIONS = (
					"DEBUG=1",
					"$(inherited)",
				);
				GCC_WARN_64_TO_32_BIT_CONVERSION = YES;
				GCC_WARN_ABOUT_RETURN_TYPE = YES_ERROR;
				GCC_WARN_UNDECLARED_SELECTOR = YES;
				GCC_WARN_UNINITIALIZED_AUTOS = YES_AGGRESSIVE;
				GCC_WARN_UNUSED_FUNCTION = YES;
				GCC_WARN_UNUSED_VARIABLE = YES;
				IPHONEOS_DEPLOYMENT_TARGET = 12.4;
				MTL_ENABLE_DEBUG_INFO = INCLUDE_SOURCE;
				MTL_FAST_MATH = YES;
				ONLY_ACTIVE_ARCH = YES;
				SDKROOT = iphoneos;
				SWIFT_ACTIVE_COMPILATION_CONDITIONS = DEBUG;
				SWIFT_OPTIMIZATION_LEVEL = "-Onone";
			};
			name = Debug;
		};
		26DC0F8F2398363C00D41B08 /* Release */ = {
			isa = XCBuildConfiguration;
			buildSettings = {
				ALWAYS_SEARCH_USER_PATHS = NO;
				CLANG_ANALYZER_NONNULL = YES;
				CLANG_ANALYZER_NUMBER_OBJECT_CONVERSION = YES_AGGRESSIVE;
				CLANG_CXX_LANGUAGE_STANDARD = "gnu++14";
				CLANG_CXX_LIBRARY = "libc++";
				CLANG_ENABLE_MODULES = YES;
				CLANG_ENABLE_OBJC_ARC = YES;
				CLANG_ENABLE_OBJC_WEAK = YES;
				CLANG_WARN_BLOCK_CAPTURE_AUTORELEASING = YES;
				CLANG_WARN_BOOL_CONVERSION = YES;
				CLANG_WARN_COMMA = YES;
				CLANG_WARN_CONSTANT_CONVERSION = YES;
				CLANG_WARN_DEPRECATED_OBJC_IMPLEMENTATIONS = YES;
				CLANG_WARN_DIRECT_OBJC_ISA_USAGE = YES_ERROR;
				CLANG_WARN_DOCUMENTATION_COMMENTS = YES;
				CLANG_WARN_EMPTY_BODY = YES;
				CLANG_WARN_ENUM_CONVERSION = YES;
				CLANG_WARN_INFINITE_RECURSION = YES;
				CLANG_WARN_INT_CONVERSION = YES;
				CLANG_WARN_NON_LITERAL_NULL_CONVERSION = YES;
				CLANG_WARN_OBJC_IMPLICIT_RETAIN_SELF = YES;
				CLANG_WARN_OBJC_LITERAL_CONVERSION = YES;
				CLANG_WARN_OBJC_ROOT_CLASS = YES_ERROR;
				CLANG_WARN_RANGE_LOOP_ANALYSIS = YES;
				CLANG_WARN_STRICT_PROTOTYPES = YES;
				CLANG_WARN_SUSPICIOUS_MOVE = YES;
				CLANG_WARN_UNGUARDED_AVAILABILITY = YES_AGGRESSIVE;
				CLANG_WARN_UNREACHABLE_CODE = YES;
				CLANG_WARN__DUPLICATE_METHOD_MATCH = YES;
				CODE_SIGN_IDENTITY = "iPhone Developer";
				COPY_PHASE_STRIP = NO;
				DEBUG_INFORMATION_FORMAT = "dwarf-with-dsym";
				ENABLE_NS_ASSERTIONS = NO;
				ENABLE_STRICT_OBJC_MSGSEND = YES;
				GCC_C_LANGUAGE_STANDARD = gnu11;
				GCC_NO_COMMON_BLOCKS = YES;
				GCC_WARN_64_TO_32_BIT_CONVERSION = YES;
				GCC_WARN_ABOUT_RETURN_TYPE = YES_ERROR;
				GCC_WARN_UNDECLARED_SELECTOR = YES;
				GCC_WARN_UNINITIALIZED_AUTOS = YES_AGGRESSIVE;
				GCC_WARN_UNUSED_FUNCTION = YES;
				GCC_WARN_UNUSED_VARIABLE = YES;
				IPHONEOS_DEPLOYMENT_TARGET = 12.4;
				MTL_ENABLE_DEBUG_INFO = NO;
				MTL_FAST_MATH = YES;
				SDKROOT = iphoneos;
				SWIFT_COMPILATION_MODE = wholemodule;
				SWIFT_OPTIMIZATION_LEVEL = "-O";
				VALIDATE_PRODUCT = YES;
			};
			name = Release;
		};
		26DC0F912398363C00D41B08 /* Debug */ = {
			isa = XCBuildConfiguration;
			buildSettings = {
				ASSETCATALOG_COMPILER_APPICON_NAME = AppIcon;
				CODE_SIGN_STYLE = Automatic;
				"EXCLUDED_ARCHS[sdk=iphonesimulator*]" = "";
				FRAMEWORK_SEARCH_PATHS = (
					"$(inherited)",
					"$(PROJECT_DIR)/Flutter/$(CONFIGURATION)",
				);
				INFOPLIST_FILE = "IOSUsingPrebuiltModule/Info-$(CONFIGURATION).plist";
				LD_RUNPATH_SEARCH_PATHS = (
					"$(inherited)",
					"@executable_path/Frameworks",
				);
				PRODUCT_BUNDLE_IDENTIFIER = dev.flutter.example.IOSUsingPrebuiltModule;
				PRODUCT_NAME = "$(TARGET_NAME)";
				SWIFT_VERSION = 5.0;
				TARGETED_DEVICE_FAMILY = "1,2";
			};
			name = Debug;
		};
		26DC0F922398363C00D41B08 /* Release */ = {
			isa = XCBuildConfiguration;
			buildSettings = {
				ASSETCATALOG_COMPILER_APPICON_NAME = AppIcon;
				CODE_SIGN_STYLE = Automatic;
				FRAMEWORK_SEARCH_PATHS = (
					"$(inherited)",
					"$(PROJECT_DIR)/Flutter/$(CONFIGURATION)",
				);
				INFOPLIST_FILE = "IOSUsingPrebuiltModule/Info-$(CONFIGURATION).plist";
				LD_RUNPATH_SEARCH_PATHS = (
					"$(inherited)",
					"@executable_path/Frameworks",
				);
				PRODUCT_BUNDLE_IDENTIFIER = dev.flutter.example.IOSUsingPrebuiltModule;
				PRODUCT_NAME = "$(TARGET_NAME)";
				SWIFT_VERSION = 5.0;
				TARGETED_DEVICE_FAMILY = "1,2";
			};
			name = Release;
		};
/* End XCBuildConfiguration section */

/* Begin XCConfigurationList section */
		26DC0F632398363A00D41B08 /* Build configuration list for PBXProject "IOSUsingPrebuiltModule" */ = {
			isa = XCConfigurationList;
			buildConfigurations = (
				26DC0F8E2398363C00D41B08 /* Debug */,
				26DC0F8F2398363C00D41B08 /* Release */,
			);
			defaultConfigurationIsVisible = 0;
			defaultConfigurationName = Release;
		};
		26DC0F902398363C00D41B08 /* Build configuration list for PBXNativeTarget "IOSUsingPrebuiltModule" */ = {
			isa = XCConfigurationList;
			buildConfigurations = (
				26DC0F912398363C00D41B08 /* Debug */,
				26DC0F922398363C00D41B08 /* Release */,
			);
			defaultConfigurationIsVisible = 0;
			defaultConfigurationName = Release;
		};
/* End XCConfigurationList section */
	};
	rootObject = 26DC0F602398363A00D41B08 /* Project object */;
}
