PODS:
  - audioplayers (0.0.1):
    - FlutterMacOS
  - FlutterMacOS (1.0.0)
  - games_services (0.0.1):
    - FlutterMacOS
  - path_provider_macos (0.0.1):
    - FlutterMacOS
  - shared_preferences_macos (0.0.1):
    - FlutterMacOS

DEPENDENCIES:
  - audioplayers (from `Flutter/ephemeral/.symlinks/plugins/audioplayers/macos`)
  - FlutterMacOS (from `Flutter/ephemeral`)
  - games_services (from `Flutter/ephemeral/.symlinks/plugins/games_services/macos`)
  - path_provider_macos (from `Flutter/ephemeral/.symlinks/plugins/path_provider_macos/macos`)
  - shared_preferences_macos (from `Flutter/ephemeral/.symlinks/plugins/shared_preferences_macos/macos`)

EXTERNAL SOURCES:
  audioplayers:
    :path: Flutter/ephemeral/.symlinks/plugins/audioplayers/macos
  FlutterMacOS:
    :path: Flutter/ephemeral
  games_services:
    :path: Flutter/ephemeral/.symlinks/plugins/games_services/macos
  path_provider_macos:
    :path: Flutter/ephemeral/.symlinks/plugins/path_provider_macos/macos
  shared_preferences_macos:
    :path: Flutter/ephemeral/.symlinks/plugins/shared_preferences_macos/macos

SPEC CHECKSUMS:
  audioplayers: 8b48e22684b6e0d9df143b2d1bbd61dca9dab6b4
  FlutterMacOS: 57701585bf7de1b3fc2bb61f6378d73bbdea8424
  games_services: eb1f60c78e6b358d8e0c7bd0f8c8c7303f8971da
  path_provider_macos: 160cab0d5461f0c0e02995469a98f24bdb9a3f1f
  shared_preferences_macos: a64dc611287ed6cbe28fd1297898db1336975727

PODFILE CHECKSUM: 8d40c19d3cbdb380d870685c3a564c989f1efa52

COCOAPODS: 1.11.2
