// !$*UTF8*$!
{
	archiveVersion = 1;
	classes = {
	};
	objectVersion = 77;
	objects = {

/* Begin PBXContainerItemProxy section */
		F214C5BC2EDFA9CA000FC3CB /* PBXContainerItemProxy */ = {
			isa = PBXContainerItemProxy;
			containerPortal = F214C5A62EDFA9C7000FC3CB /* Project object */;
			proxyType = 1;
			remoteGlobalIDString = F214C5AD2EDFA9C7000FC3CB;
			remoteInfo = ios_content_resizing_example;
		};
		F214C5C62EDFA9CA000FC3CB /* PBXContainerItemProxy */ = {
			isa = PBXContainerItemProxy;
			containerPortal = F214C5A62EDFA9C7000FC3CB /* Project object */;
			proxyType = 1;
			remoteGlobalIDString = F214C5AD2EDFA9C7000FC3CB;
			remoteInfo = ios_content_resizing_example;
		};
/* End PBXContainerItemProxy section */

/* Begin PBXFileReference section */
		F214C5AE2EDFA9C7000FC3CB /* ios_content_resizing_example.app */ = {isa = PBXFileReference; explicitFileType = wrapper.application; includeInIndex = 0; path = ios_content_resizing_example.app; sourceTree = BUILT_PRODUCTS_DIR; };
		F214C5BB2EDFA9CA000FC3CB /* ios_content_resizing_exampleTests.xctest */ = {isa = PBXFileReference; explicitFileType = wrapper.cfbundle; includeInIndex = 0; path = ios_content_resizing_exampleTests.xctest; sourceTree = BUILT_PRODUCTS_DIR; };
		F214C5C52EDFA9CA000FC3CB /* ios_content_resizing_exampleUITests.xctest */ = {isa = PBXFileReference; explicitFileType = wrapper.cfbundle; includeInIndex = 0; path = ios_content_resizing_exampleUITests.xctest; sourceTree = BUILT_PRODUCTS_DIR; };
/* End PBXFileReference section */

/* Begin PBXFileSystemSynchronizedRootGroup section */
		F214C5B02EDFA9C7000FC3CB /* ios_content_resizing_example */ = {
			isa = PBXFileSystemSynchronizedRootGroup;
			path = ios_content_resizing_example;
			sourceTree = "<group>";
		};
		F214C5BE2EDFA9CA000FC3CB /* ios_content_resizing_exampleTests */ = {
			isa = PBXFileSystemSynchronizedRootGroup;
			path = ios_content_resizing_exampleTests;
			sourceTree = "<group>";
		};
		F214C5C82EDFA9CA000FC3CB /* ios_content_resizing_exampleUITests */ = {
			isa = PBXFileSystemSynchronizedRootGroup;
			path = ios_content_resizing_exampleUITests;
			sourceTree = "<group>";
		};
/* End PBXFileSystemSynchronizedRootGroup section */

/* Begin PBXFrameworksBuildPhase section */
		F214C5AB2EDFA9C7000FC3CB /* Frameworks */ = {
			isa = PBXFrameworksBuildPhase;
			buildActionMask = 2147483647;
			files = (
			);
			runOnlyForDeploymentPostprocessing = 0;
		};
		F214C5B82EDFA9CA000FC3CB /* Frameworks */ = {
			isa = PBXFrameworksBuildPhase;
			buildActionMask = 2147483647;
			files = (
			);
			runOnlyForDeploymentPostprocessing = 0;
		};
		F214C5C22EDFA9CA000FC3CB /* Frameworks */ = {
			isa = PBXFrameworksBuildPhase;
			buildActionMask = 2147483647;
			files = (
			);
			runOnlyForDeploymentPostprocessing = 0;
		};
/* End PBXFrameworksBuildPhase section */

/* Begin PBXGroup section */
		F214C5A52EDFA9C7000FC3CB = {
			isa = PBXGroup;
			children = (
				F214C5B02EDFA9C7000FC3CB /* ios_content_resizing_example */,
				F214C5BE2EDFA9CA000FC3CB /* ios_content_resizing_exampleTests */,
				F214C5C82EDFA9CA000FC3CB /* ios_content_resizing_exampleUITests */,
				F214C5AF2EDFA9C7000FC3CB /* Products */,
			);
			sourceTree = "<group>";
		};
		F214C5AF2EDFA9C7000FC3CB /* Products */ = {
			isa = PBXGroup;
			children = (
				F214C5AE2EDFA9C7000FC3CB /* ios_content_resizing_example.app */,
				F214C5BB2EDFA9CA000FC3CB /* ios_content_resizing_exampleTests.xctest */,
				F214C5C52EDFA9CA000FC3CB /* ios_content_resizing_exampleUITests.xctest */,
			);
			name = Products;
			sourceTree = "<group>";
		};
/* End PBXGroup section */

/* Begin PBXNativeTarget section */
		F214C5AD2EDFA9C7000FC3CB /* ios_content_resizing_example */ = {
			isa = PBXNativeTarget;
			buildConfigurationList = F214C5CF2EDFA9CA000FC3CB /* Build configuration list for PBXNativeTarget "ios_content_resizing_example" */;
			buildPhases = (
				F214C5AA2EDFA9C7000FC3CB /* Sources */,
				F214C5AB2EDFA9C7000FC3CB /* Frameworks */,
				F214C5AC2EDFA9C7000FC3CB /* Resources */,
			);
			buildRules = (
			);
			dependencies = (
			);
			fileSystemSynchronizedGroups = (
				F214C5B02EDFA9C7000FC3CB /* ios_content_resizing_example */,
			);
			name = ios_content_resizing_example;
			packageProductDependencies = (
			);
			productName = ios_content_resizing_example;
			productReference = F214C5AE2EDFA9C7000FC3CB /* ios_content_resizing_example.app */;
			productType = "com.apple.product-type.application";
		};
		F214C5BA2EDFA9CA000FC3CB /* ios_content_resizing_exampleTests */ = {
			isa = PBXNativeTarget;
			buildConfigurationList = F214C5D22EDFA9CA000FC3CB /* Build configuration list for PBXNativeTarget "ios_content_resizing_exampleTests" */;
			buildPhases = (
				F214C5B72EDFA9CA000FC3CB /* Sources */,
				F214C5B82EDFA9CA000FC3CB /* Frameworks */,
				F214C5B92EDFA9CA000FC3CB /* Resources */,
			);
			buildRules = (
			);
			dependencies = (
				F214C5BD2EDFA9CA000FC3CB /* PBXTargetDependency */,
			);
			fileSystemSynchronizedGroups = (
				F214C5BE2EDFA9CA000FC3CB /* ios_content_resizing_exampleTests */,
			);
			name = ios_content_resizing_exampleTests;
			packageProductDependencies = (
			);
			productName = ios_content_resizing_exampleTests;
			productReference = F214C5BB2EDFA9CA000FC3CB /* ios_content_resizing_exampleTests.xctest */;
			productType = "com.apple.product-type.bundle.unit-test";
		};
		F214C5C42EDFA9CA000FC3CB /* ios_content_resizing_exampleUITests */ = {
			isa = PBXNativeTarget;
			buildConfigurationList = F214C5D52EDFA9CA000FC3CB /* Build configuration list for PBXNativeTarget "ios_content_resizing_exampleUITests" */;
			buildPhases = (
				F214C5C12EDFA9CA000FC3CB /* Sources */,
				F214C5C22EDFA9CA000FC3CB /* Frameworks */,
				F214C5C32EDFA9CA000FC3CB /* Resources */,
			);
			buildRules = (
			);
			dependencies = (
				F214C5C72EDFA9CA000FC3CB /* PBXTargetDependency */,
			);
			fileSystemSynchronizedGroups = (
				F214C5C82EDFA9CA000FC3CB /* ios_content_resizing_exampleUITests */,
			);
			name = ios_content_resizing_exampleUITests;
			packageProductDependencies = (
			);
			productName = ios_content_resizing_exampleUITests;
			productReference = F214C5C52EDFA9CA000FC3CB /* ios_content_resizing_exampleUITests.xctest */;
			productType = "com.apple.product-type.bundle.ui-testing";
		};
/* End PBXNativeTarget section */

/* Begin PBXProject section */
		F214C5A62EDFA9C7000FC3CB /* Project object */ = {
			isa = PBXProject;
			attributes = {
				BuildIndependentTargetsInParallel = 1;
				LastSwiftUpdateCheck = 1640;
				LastUpgradeCheck = 1640;
				TargetAttributes = {
					F214C5AD2EDFA9C7000FC3CB = {
						CreatedOnToolsVersion = 16.4;
					};
					F214C5BA2EDFA9CA000FC3CB = {
						CreatedOnToolsVersion = 16.4;
						TestTargetID = F214C5AD2EDFA9C7000FC3CB;
					};
					F214C5C42EDFA9CA000FC3CB = {
						CreatedOnToolsVersion = 16.4;
						TestTargetID = F214C5AD2EDFA9C7000FC3CB;
					};
				};
			};
			buildConfigurationList = F214C5A92EDFA9C7000FC3CB /* Build configuration list for PBXProject "ios_content_resizing_example" */;
			developmentRegion = en;
			hasScannedForEncodings = 0;
			knownRegions = (
				en,
				Base,
			);
			mainGroup = F214C5A52EDFA9C7000FC3CB;
			minimizedProjectReferenceProxies = 1;
			preferredProjectObjectVersion = 77;
			productRefGroup = F214C5AF2EDFA9C7000FC3CB /* Products */;
			projectDirPath = "";
			projectRoot = "";
			targets = (
				F214C5AD2EDFA9C7000FC3CB /* ios_content_resizing_example */,
				F214C5BA2EDFA9CA000FC3CB /* ios_content_resizing_exampleTests */,
				F214C5C42EDFA9CA000FC3CB /* ios_content_resizing_exampleUITests */,
			);
		};
/* End PBXProject section */

/* Begin PBXResourcesBuildPhase section */
		F214C5AC2EDFA9C7000FC3CB /* Resources */ = {
			isa = PBXResourcesBuildPhase;
			buildActionMask = 2147483647;
			files = (
			);
			runOnlyForDeploymentPostprocessing = 0;
		};
		F214C5B92EDFA9CA000FC3CB /* Resources */ = {
			isa = PBXResourcesBuildPhase;
			buildActionMask = 2147483647;
			files = (
			);
			runOnlyForDeploymentPostprocessing = 0;
		};
		F214C5C32EDFA9CA000FC3CB /* Resources */ = {
			isa = PBXResourcesBuildPhase;
			buildActionMask = 2147483647;
			files = (
			);
			runOnlyForDeploymentPostprocessing = 0;
		};
/* End PBXResourcesBuildPhase section */

/* Begin PBXSourcesBuildPhase section */
		F214C5AA2EDFA9C7000FC3CB /* Sources */ = {
			isa = PBXSourcesBuildPhase;
			buildActionMask = 2147483647;
			files = (
			);
			runOnlyForDeploymentPostprocessing = 0;
		};
		F214C5B72EDFA9CA000FC3CB /* Sources */ = {
			isa = PBXSourcesBuildPhase;
			buildActionMask = 2147483647;
			files = (
			);
			runOnlyForDeploymentPostprocessing = 0;
		};
		F214C5C12EDFA9CA000FC3CB /* Sources */ = {
			isa = PBXSourcesBuildPhase;
			buildActionMask = 2147483647;
			files = (
			);
			runOnlyForDeploymentPostprocessing = 0;
		};
/* End PBXSourcesBuildPhase section */

/* Begin PBXTargetDependency section */
		F214C5BD2EDFA9CA000FC3CB /* PBXTargetDependency */ = {
			isa = PBXTargetDependency;
			target = F214C5AD2EDFA9C7000FC3CB /* ios_content_resizing_example */;
			targetProxy = F214C5BC2EDFA9CA000FC3CB /* PBXContainerItemProxy */;
		};
		F214C5C72EDFA9CA000FC3CB /* PBXTargetDependency */ = {
			isa = PBXTargetDependency;
			target = F214C5AD2EDFA9C7000FC3CB /* ios_content_resizing_example */;
			targetProxy = F214C5C62EDFA9CA000FC3CB /* PBXContainerItemProxy */;
		};
/* End PBXTargetDependency section */

/* Begin XCBuildConfiguration section */
		F214C5CD2EDFA9CA000FC3CB /* Debug */ = {
			isa = XCBuildConfiguration;
			buildSettings = {
				ALWAYS_SEARCH_USER_PATHS = NO;
				ASSETCATALOG_COMPILER_GENERATE_SWIFT_ASSET_SYMBOL_EXTENSIONS = YES;
				CLANG_ANALYZER_NONNULL = YES;
				CLANG_ANALYZER_NUMBER_OBJECT_CONVERSION = YES_AGGRESSIVE;
				CLANG_CXX_LANGUAGE_STANDARD = "gnu++20";
				CLANG_ENABLE_MODULES = YES;
				CLANG_ENABLE_OBJC_ARC = YES;
				CLANG_ENABLE_OBJC_WEAK = YES;
				CLANG_WARN_BLOCK_CAPTURE_AUTORELEASING = YES;
				CLANG_WARN_BOOL_CONVERSION = YES;
				CLANG_WARN_COMMA = YES;
				CLANG_WARN_CONSTANT_CONVERSION = YES;
				CLANG_WARN_DEPRECATED_OBJC_IMPLEMENTATIONS = YES;
				CLANG_WARN_DIRECT_OBJC_ISA_USAGE = YES_ERROR;
				CLANG_WARN_DOCUMENTATION_COMMENTS = YES;
				CLANG_WARN_EMPTY_BODY = YES;
				CLANG_WARN_ENUM_CONVERSION = YES;
				CLANG_WARN_INFINITE_RECURSION = YES;
				CLANG_WARN_INT_CONVERSION = YES;
				CLANG_WARN_NON_LITERAL_NULL_CONVERSION = YES;
				CLANG_WARN_OBJC_IMPLICIT_RETAIN_SELF = YES;
				CLANG_WARN_OBJC_LITERAL_CONVERSION = YES;
				CLANG_WARN_OBJC_ROOT_CLASS = YES_ERROR;
				CLANG_WARN_QUOTED_INCLUDE_IN_FRAMEWORK_HEADER = YES;
				CLANG_WARN_RANGE_LOOP_ANALYSIS = YES;
				CLANG_WARN_STRICT_PROTOTYPES = YES;
				CLANG_WARN_SUSPICIOUS_MOVE = YES;
				CLANG_WARN_UNGUARDED_AVAILABILITY = YES_AGGRESSIVE;
				CLANG_WARN_UNREACHABLE_CODE = YES;
				CLANG_WARN__DUPLICATE_METHOD_MATCH = YES;
				COPY_PHASE_STRIP = NO;
				DEBUG_INFORMATION_FORMAT = dwarf;
				DEVELOPMENT_TEAM = S8QB4VV633;
				ENABLE_STRICT_OBJC_MSGSEND = YES;
				ENABLE_TESTABILITY = YES;
				ENABLE_USER_SCRIPT_SANDBOXING = YES;
				GCC_C_LANGUAGE_STANDARD = gnu17;
				GCC_DYNAMIC_NO_PIC = NO;
				GCC_NO_COMMON_BLOCKS = YES;
				GCC_OPTIMIZATION_LEVEL = 0;
				GCC_PREPROCESSOR_DEFINITIONS = (
					"DEBUG=1",
					"$(inherited)",
				);
				GCC_WARN_64_TO_32_BIT_CONVERSION = YES;
				GCC_WARN_ABOUT_RETURN_TYPE = YES_ERROR;
				GCC_WARN_UNDECLARED_SELECTOR = YES;
				GCC_WARN_UNINITIALIZED_AUTOS = YES_AGGRESSIVE;
				GCC_WARN_UNUSED_FUNCTION = YES;
				GCC_WARN_UNUSED_VARIABLE = YES;
				IPHONEOS_DEPLOYMENT_TARGET = 18.5;
				LOCALIZATION_PREFERS_STRING_CATALOGS = YES;
				MTL_ENABLE_DEBUG_INFO = INCLUDE_SOURCE;
				MTL_FAST_MATH = YES;
				ONLY_ACTIVE_ARCH = YES;
				SDKROOT = iphoneos;
				SWIFT_ACTIVE_COMPILATION_CONDITIONS = "DEBUG $(inherited)";
				SWIFT_OPTIMIZATION_LEVEL = "-Onone";
			};
			name = Debug;
		};
		F214C5CE2EDFA9CA000FC3CB /* Release */ = {
			isa = XCBuildConfiguration;
			buildSettings = {
				ALWAYS_SEARCH_USER_PATHS = NO;
				ASSETCATALOG_COMPILER_GENERATE_SWIFT_ASSET_SYMBOL_EXTENSIONS = YES;
				CLANG_ANALYZER_NONNULL = YES;
				CLANG_ANALYZER_NUMBER_OBJECT_CONVERSION = YES_AGGRESSIVE;
				CLANG_CXX_LANGUAGE_STANDARD = "gnu++20";
				CLANG_ENABLE_MODULES = YES;
				CLANG_ENABLE_OBJC_ARC = YES;
				CLANG_ENABLE_OBJC_WEAK = YES;
				CLANG_WARN_BLOCK_CAPTURE_AUTORELEASING = YES;
				CLANG_WARN_BOOL_CONVERSION = YES;
				CLANG_WARN_COMMA = YES;
				CLANG_WARN_CONSTANT_CONVERSION = YES;
				CLANG_WARN_DEPRECATED_OBJC_IMPLEMENTATIONS = YES;
				CLANG_WARN_DIRECT_OBJC_ISA_USAGE = YES_ERROR;
				CLANG_WARN_DOCUMENTATION_COMMENTS = YES;
				CLANG_WARN_EMPTY_BODY = YES;
				CLANG_WARN_ENUM_CONVERSION = YES;
				CLANG_WARN_INFINITE_RECURSION = YES;
				CLANG_WARN_INT_CONVERSION = YES;
				CLANG_WARN_NON_LITERAL_NULL_CONVERSION = YES;
				CLANG_WARN_OBJC_IMPLICIT_RETAIN_SELF = YES;
				CLANG_WARN_OBJC_LITERAL_CONVERSION = YES;
				CLANG_WARN_OBJC_ROOT_CLASS = YES_ERROR;
				CLANG_WARN_QUOTED_INCLUDE_IN_FRAMEWORK_HEADER = YES;
				CLANG_WARN_RANGE_LOOP_ANALYSIS = YES;
				CLANG_WARN_STRICT_PROTOTYPES = YES;
				CLANG_WARN_SUSPICIOUS_MOVE = YES;
				CLANG_WARN_UNGUARDED_AVAILABILITY = YES_AGGRESSIVE;
				CLANG_WARN_UNREACHABLE_CODE = YES;
				CLANG_WARN__DUPLICATE_METHOD_MATCH = YES;
				COPY_PHASE_STRIP = NO;
				DEBUG_INFORMATION_FORMAT = "dwarf-with-dsym";
				DEVELOPMENT_TEAM = S8QB4VV633;
				ENABLE_NS_ASSERTIONS = NO;
				ENABLE_STRICT_OBJC_MSGSEND = YES;
				ENABLE_USER_SCRIPT_SANDBOXING = YES;
				GCC_C_LANGUAGE_STANDARD = gnu17;
				GCC_NO_COMMON_BLOCKS = YES;
				GCC_WARN_64_TO_32_BIT_CONVERSION = YES;
				GCC_WARN_ABOUT_RETURN_TYPE = YES_ERROR;
				GCC_WARN_UNDECLARED_SELECTOR = YES;
				GCC_WARN_UNINITIALIZED_AUTOS = YES_AGGRESSIVE;
				GCC_WARN_UNUSED_FUNCTION = YES;
				GCC_WARN_UNUSED_VARIABLE = YES;
				IPHONEOS_DEPLOYMENT_TARGET = 18.5;
				LOCALIZATION_PREFERS_STRING_CATALOGS = YES;
				MTL_ENABLE_DEBUG_INFO = NO;
				MTL_FAST_MATH = YES;
				SDKROOT = iphoneos;
				SWIFT_COMPILATION_MODE = wholemodule;
				VALIDATE_PRODUCT = YES;
			};
			name = Release;
		};
		F214C5D02EDFA9CA000FC3CB /* Debug */ = {
			isa = XCBuildConfiguration;
			buildSettings = {
				ASSETCATALOG_COMPILER_APPICON_NAME = AppIcon;
				ASSETCATALOG_COMPILER_GLOBAL_ACCENT_COLOR_NAME = AccentColor;
				CODE_SIGN_STYLE = Automatic;
				CURRENT_PROJECT_VERSION = 1;
				DEVELOPMENT_TEAM = S8QB4VV633;
				ENABLE_PREVIEWS = YES;
				GENERATE_INFOPLIST_FILE = YES;
				INFOPLIST_KEY_UIApplicationSceneManifest_Generation = YES;
				INFOPLIST_KEY_UIApplicationSupportsIndirectInputEvents = YES;
				INFOPLIST_KEY_UILaunchScreen_Generation = YES;
				INFOPLIST_KEY_UISupportedInterfaceOrientations_iPad = "UIInterfaceOrientationPortrait UIInterfaceOrientationPortraitUpsideDown UIInterfaceOrientationLandscapeLeft UIInterfaceOrientationLandscapeRight";
				INFOPLIST_KEY_UISupportedInterfaceOrientations_iPhone = "UIInterfaceOrientationPortrait UIInterfaceOrientationLandscapeLeft UIInterfaceOrientationLandscapeRight";
				LD_RUNPATH_SEARCH_PATHS = (
					"$(inherited)",
					"@executable_path/Frameworks",
				);
				MARKETING_VERSION = 1.0;
				PRODUCT_BUNDLE_IDENTIFIER = "dev.flutter.plugins.ios-content-resizing-example";
				PRODUCT_NAME = "$(TARGET_NAME)";
				SWIFT_EMIT_LOC_STRINGS = YES;
				SWIFT_VERSION = 5.0;
				TARGETED_DEVICE_FAMILY = "1,2";
			};
			name = Debug;
		};
		F214C5D12EDFA9CA000FC3CB /* Release */ = {
			isa = XCBuildConfiguration;
			buildSettings = {
				ASSETCATALOG_COMPILER_APPICON_NAME = AppIcon;
				ASSETCATALOG_COMPILER_GLOBAL_ACCENT_COLOR_NAME = AccentColor;
				CODE_SIGN_STYLE = Automatic;
				CURRENT_PROJECT_VERSION = 1;
				DEVELOPMENT_TEAM = S8QB4VV633;
				ENABLE_PREVIEWS = YES;
				GENERATE_INFOPLIST_FILE = YES;
				INFOPLIST_KEY_UIApplicationSceneManifest_Generation = YES;
				INFOPLIST_KEY_UIApplicationSupportsIndirectInputEvents = YES;
				INFOPLIST_KEY_UILaunchScreen_Generation = YES;
				INFOPLIST_KEY_UISupportedInterfaceOrientations_iPad = "UIInterfaceOrientationPortrait UIInterfaceOrientationPortraitUpsideDown UIInterfaceOrientationLandscapeLeft UIInterfaceOrientationLandscapeRight";
				INFOPLIST_KEY_UISupportedInterfaceOrientations_iPhone = "UIInterfaceOrientationPortrait UIInterfaceOrientationLandscapeLeft UIInterfaceOrientationLandscapeRight";
				LD_RUNPATH_SEARCH_PATHS = (
					"$(inherited)",
					"@executable_path/Frameworks",
				);
				MARKETING_VERSION = 1.0;
				PRODUCT_BUNDLE_IDENTIFIER = "dev.flutter.plugins.ios-content-resizing-example";
				PRODUCT_NAME = "$(TARGET_NAME)";
				SWIFT_EMIT_LOC_STRINGS = YES;
				SWIFT_VERSION = 5.0;
				TARGETED_DEVICE_FAMILY = "1,2";
			};
			name = Release;
		};
		F214C5D32EDFA9CA000FC3CB /* Debug */ = {
			isa = XCBuildConfiguration;
			buildSettings = {
				BUNDLE_LOADER = "$(TEST_HOST)";
				CODE_SIGN_STYLE = Automatic;
				CURRENT_PROJECT_VERSION = 1;
				DEVELOPMENT_TEAM = S8QB4VV633;
				GENERATE_INFOPLIST_FILE = YES;
				IPHONEOS_DEPLOYMENT_TARGET = 18.5;
				MARKETING_VERSION = 1.0;
				PRODUCT_BUNDLE_IDENTIFIER = "dev.flutter.plugins.ios-content-resizing-exampleTests";
				PRODUCT_NAME = "$(TARGET_NAME)";
				SWIFT_EMIT_LOC_STRINGS = NO;
				SWIFT_VERSION = 5.0;
				TARGETED_DEVICE_FAMILY = "1,2";
				TEST_HOST = "$(BUILT_PRODUCTS_DIR)/ios_content_resizing_example.app/$(BUNDLE_EXECUTABLE_FOLDER_PATH)/ios_content_resizing_example";
			};
			name = Debug;
		};
		F214C5D42EDFA9CA000FC3CB /* Release */ = {
			isa = XCBuildConfiguration;
			buildSettings = {
				BUNDLE_LOADER = "$(TEST_HOST)";
				CODE_SIGN_STYLE = Automatic;
				CURRENT_PROJECT_VERSION = 1;
				DEVELOPMENT_TEAM = S8QB4VV633;
				GENERATE_INFOPLIST_FILE = YES;
				IPHONEOS_DEPLOYMENT_TARGET = 18.5;
				MARKETING_VERSION = 1.0;
				PRODUCT_BUNDLE_IDENTIFIER = "dev.flutter.plugins.ios-content-resizing-exampleTests";
				PRODUCT_NAME = "$(TARGET_NAME)";
				SWIFT_EMIT_LOC_STRINGS = NO;
				SWIFT_VERSION = 5.0;
				TARGETED_DEVICE_FAMILY = "1,2";
				TEST_HOST = "$(BUILT_PRODUCTS_DIR)/ios_content_resizing_example.app/$(BUNDLE_EXECUTABLE_FOLDER_PATH)/ios_content_resizing_example";
			};
			name = Release;
		};
		F214C5D62EDFA9CA000FC3CB /* Debug */ = {
			isa = XCBuildConfiguration;
			buildSettings = {
				CODE_SIGN_STYLE = Automatic;
				CURRENT_PROJECT_VERSION = 1;
				DEVELOPMENT_TEAM = S8QB4VV633;
				GENERATE_INFOPLIST_FILE = YES;
				MARKETING_VERSION = 1.0;
				PRODUCT_BUNDLE_IDENTIFIER = "dev.flutter.plugins.ios-content-resizing-exampleUITests";
				PRODUCT_NAME = "$(TARGET_NAME)";
				SWIFT_EMIT_LOC_STRINGS = NO;
				SWIFT_VERSION = 5.0;
				TARGETED_DEVICE_FAMILY = "1,2";
				TEST_TARGET_NAME = ios_content_resizing_example;
			};
			name = Debug;
		};
		F214C5D72EDFA9CA000FC3CB /* Release */ = {
			isa = XCBuildConfiguration;
			buildSettings = {
				CODE_SIGN_STYLE = Automatic;
				CURRENT_PROJECT_VERSION = 1;
				DEVELOPMENT_TEAM = S8QB4VV633;
				GENERATE_INFOPLIST_FILE = YES;
				MARKETING_VERSION = 1.0;
				PRODUCT_BUNDLE_IDENTIFIER = "dev.flutter.plugins.ios-content-resizing-exampleUITests";
				PRODUCT_NAME = "$(TARGET_NAME)";
				SWIFT_EMIT_LOC_STRINGS = NO;
				SWIFT_VERSION = 5.0;
				TARGETED_DEVICE_FAMILY = "1,2";
				TEST_TARGET_NAME = ios_content_resizing_example;
			};
			name = Release;
		};
/* End XCBuildConfiguration section */

/* Begin XCConfigurationList section */
		F214C5A92EDFA9C7000FC3CB /* Build configuration list for PBXProject "ios_content_resizing_example" */ = {
			isa = XCConfigurationList;
			buildConfigurations = (
				F214C5CD2EDFA9CA000FC3CB /* Debug */,
				F214C5CE2EDFA9CA000FC3CB /* Release */,
			);
			defaultConfigurationIsVisible = 0;
			defaultConfigurationName = Release;
		};
		F214C5CF2EDFA9CA000FC3CB /* Build configuration list for PBXNativeTarget "ios_content_resizing_example" */ = {
			isa = XCConfigurationList;
			buildConfigurations = (
				F214C5D02EDFA9CA000FC3CB /* Debug */,
				F214C5D12EDFA9CA000FC3CB /* Release */,
			);
			defaultConfigurationIsVisible = 0;
			defaultConfigurationName = Release;
		};
		F214C5D22EDFA9CA000FC3CB /* Build configuration list for PBXNativeTarget "ios_content_resizing_exampleTests" */ = {
			isa = XCConfigurationList;
			buildConfigurations = (
				F214C5D32EDFA9CA000FC3CB /* Debug */,
				F214C5D42EDFA9CA000FC3CB /* Release */,
			);
			defaultConfigurationIsVisible = 0;
			defaultConfigurationName = Release;
		};
		F214C5D52EDFA9CA000FC3CB /* Build configuration list for PBXNativeTarget "ios_content_resizing_exampleUITests" */ = {
			isa = XCConfigurationList;
			buildConfigurations = (
				F214C5D62EDFA9CA000FC3CB /* Debug */,
				F214C5D72EDFA9CA000FC3CB /* Release */,
			);
			defaultConfigurationIsVisible = 0;
			defaultConfigurationName = Release;
		};
/* End XCConfigurationList section */
	};
	rootObject = F214C5A62EDFA9C7000FC3CB /* Project object */;
}
