// !$*UTF8*$!
{
	archiveVersion = 1;
	classes = {
	};
	objectVersion = 77;
	objects = {

/* Begin PBXBuildFile section */
		4DAB140B9F5E2D9A20A8401E /* Pods_ios_content_resizing.framework in Frameworks */ = {isa = PBXBuildFile; fileRef = 4E62017EB1C0A39E3EFC18A4 /* Pods_ios_content_resizing.framework */; };
		556795E6023CF9E74872609E /* Pods_ios_content_resizing_ios_content_resizingUITests.framework in Frameworks */ = {isa = PBXBuildFile; fileRef = 360DA1E0B282E115E3C8D7BB /* Pods_ios_content_resizing_ios_content_resizingUITests.framework */; };
		A629C1369AEEF868404EE51E /* Pods_ios_content_resizingTests.framework in Frameworks */ = {isa = PBXBuildFile; fileRef = 2BA5ED9EA5F86CC457B7A551 /* Pods_ios_content_resizingTests.framework */; };
/* End PBXBuildFile section */

/* Begin PBXContainerItemProxy section */
		F23EDF872EDFB13600A217AA /* PBXContainerItemProxy */ = {
			isa = PBXContainerItemProxy;
			containerPortal = F23EDF712EDFB13200A217AA /* Project object */;
			proxyType = 1;
			remoteGlobalIDString = F23EDF782EDFB13200A217AA;
			remoteInfo = ios_content_resizing;
		};
		F23EDF912EDFB13600A217AA /* PBXContainerItemProxy */ = {
			isa = PBXContainerItemProxy;
			containerPortal = F23EDF712EDFB13200A217AA /* Project object */;
			proxyType = 1;
			remoteGlobalIDString = F23EDF782EDFB13200A217AA;
			remoteInfo = ios_content_resizing;
		};
/* End PBXContainerItemProxy section */

/* Begin PBXFileReference section */
		0733AA154A58ADE65312896D /* Pods-ios_content_resizingTests.debug.xcconfig */ = {isa = PBXFileReference; includeInIndex = 1; lastKnownFileType = text.xcconfig; name = "Pods-ios_content_resizingTests.debug.xcconfig"; path = "Target Support Files/Pods-ios_content_resizingTests/Pods-ios_content_resizingTests.debug.xcconfig"; sourceTree = "<group>"; };
		2A7A73D9E31CDD167C0DABA2 /* Pods-ios_content_resizing.release.xcconfig */ = {isa = PBXFileReference; includeInIndex = 1; lastKnownFileType = text.xcconfig; name = "Pods-ios_content_resizing.release.xcconfig"; path = "Target Support Files/Pods-ios_content_resizing/Pods-ios_content_resizing.release.xcconfig"; sourceTree = "<group>"; };
		2BA5ED9EA5F86CC457B7A551 /* Pods_ios_content_resizingTests.framework */ = {isa = PBXFileReference; explicitFileType = wrapper.framework; includeInIndex = 0; path = Pods_ios_content_resizingTests.framework; sourceTree = BUILT_PRODUCTS_DIR; };
		360DA1E0B282E115E3C8D7BB /* Pods_ios_content_resizing_ios_content_resizingUITests.framework */ = {isa = PBXFileReference; explicitFileType = wrapper.framework; includeInIndex = 0; path = Pods_ios_content_resizing_ios_content_resizingUITests.framework; sourceTree = BUILT_PRODUCTS_DIR; };
		4E62017EB1C0A39E3EFC18A4 /* Pods_ios_content_resizing.framework */ = {isa = PBXFileReference; explicitFileType = wrapper.framework; includeInIndex = 0; path = Pods_ios_content_resizing.framework; sourceTree = BUILT_PRODUCTS_DIR; };
		6668053CE993405B3DC50D73 /* Pods-ios_content_resizing-ios_content_resizingUITests.debug.xcconfig */ = {isa = PBXFileReference; includeInIndex = 1; lastKnownFileType = text.xcconfig; name = "Pods-ios_content_resizing-ios_content_resizingUITests.debug.xcconfig"; path = "Target Support Files/Pods-ios_content_resizing-ios_content_resizingUITests/Pods-ios_content_resizing-ios_content_resizingUITests.debug.xcconfig"; sourceTree = "<group>"; };
		7977AC1A580247C02F750060 /* Pods-ios_content_resizing-ios_content_resizingUITests.release.xcconfig */ = {isa = PBXFileReference; includeInIndex = 1; lastKnownFileType = text.xcconfig; name = "Pods-ios_content_resizing-ios_content_resizingUITests.release.xcconfig"; path = "Target Support Files/Pods-ios_content_resizing-ios_content_resizingUITests/Pods-ios_content_resizing-ios_content_resizingUITests.release.xcconfig"; sourceTree = "<group>"; };
		E7C9AB9AF800727134F490DD /* Pods-ios_content_resizing.debug.xcconfig */ = {isa = PBXFileReference; includeInIndex = 1; lastKnownFileType = text.xcconfig; name = "Pods-ios_content_resizing.debug.xcconfig"; path = "Target Support Files/Pods-ios_content_resizing/Pods-ios_content_resizing.debug.xcconfig"; sourceTree = "<group>"; };
		E83F8034DEBD121D26C241B2 /* Pods-ios_content_resizingTests.release.xcconfig */ = {isa = PBXFileReference; includeInIndex = 1; lastKnownFileType = text.xcconfig; name = "Pods-ios_content_resizingTests.release.xcconfig"; path = "Target Support Files/Pods-ios_content_resizingTests/Pods-ios_content_resizingTests.release.xcconfig"; sourceTree = "<group>"; };
		F23EDF792EDFB13200A217AA /* ios_content_resizing.app */ = {isa = PBXFileReference; explicitFileType = wrapper.application; includeInIndex = 0; path = ios_content_resizing.app; sourceTree = BUILT_PRODUCTS_DIR; };
		F23EDF862EDFB13600A217AA /* ios_content_resizingTests.xctest */ = {isa = PBXFileReference; explicitFileType = wrapper.cfbundle; includeInIndex = 0; path = ios_content_resizingTests.xctest; sourceTree = BUILT_PRODUCTS_DIR; };
		F23EDF902EDFB13600A217AA /* ios_content_resizingUITests.xctest */ = {isa = PBXFileReference; explicitFileType = wrapper.cfbundle; includeInIndex = 0; path = ios_content_resizingUITests.xctest; sourceTree = BUILT_PRODUCTS_DIR; };
/* End PBXFileReference section */

/* Begin PBXFileSystemSynchronizedRootGroup section */
		F23EDF7B2EDFB13200A217AA /* ios_content_resizing */ = {
			isa = PBXFileSystemSynchronizedRootGroup;
			exceptions = (
			);
			path = ios_content_resizing;
			sourceTree = "<group>";
		};
		F23EDF892EDFB13600A217AA /* ios_content_resizingTests */ = {
			isa = PBXFileSystemSynchronizedRootGroup;
			exceptions = (
			);
			path = ios_content_resizingTests;
			sourceTree = "<group>";
		};
		F23EDF932EDFB13600A217AA /* ios_content_resizingUITests */ = {
			isa = PBXFileSystemSynchronizedRootGroup;
			exceptions = (
			);
			path = ios_content_resizingUITests;
			sourceTree = "<group>";
		};
/* End PBXFileSystemSynchronizedRootGroup section */

/* Begin PBXFrameworksBuildPhase section */
		F23EDF762EDFB13200A217AA /* Frameworks */ = {
			isa = PBXFrameworksBuildPhase;
			buildActionMask = 2147483647;
			files = (
				4DAB140B9F5E2D9A20A8401E /* Pods_ios_content_resizing.framework in Frameworks */,
			);
			runOnlyForDeploymentPostprocessing = 0;
		};
		F23EDF832EDFB13600A217AA /* Frameworks */ = {
			isa = PBXFrameworksBuildPhase;
			buildActionMask = 2147483647;
			files = (
				A629C1369AEEF868404EE51E /* Pods_ios_content_resizingTests.framework in Frameworks */,
			);
			runOnlyForDeploymentPostprocessing = 0;
		};
		F23EDF8D2EDFB13600A217AA /* Frameworks */ = {
			isa = PBXFrameworksBuildPhase;
			buildActionMask = 2147483647;
			files = (
				556795E6023CF9E74872609E /* Pods_ios_content_resizing_ios_content_resizingUITests.framework in Frameworks */,
			);
			runOnlyForDeploymentPostprocessing = 0;
		};
/* End PBXFrameworksBuildPhase section */

/* Begin PBXGroup section */
		E4F00B57B56B5F4C870D955C /* Pods */ = {
			isa = PBXGroup;
			children = (
				E7C9AB9AF800727134F490DD /* Pods-ios_content_resizing.debug.xcconfig */,
				2A7A73D9E31CDD167C0DABA2 /* Pods-ios_content_resizing.release.xcconfig */,
				6668053CE993405B3DC50D73 /* Pods-ios_content_resizing-ios_content_resizingUITests.debug.xcconfig */,
				7977AC1A580247C02F750060 /* Pods-ios_content_resizing-ios_content_resizingUITests.release.xcconfig */,
				0733AA154A58ADE65312896D /* Pods-ios_content_resizingTests.debug.xcconfig */,
				E83F8034DEBD121D26C241B2 /* Pods-ios_content_resizingTests.release.xcconfig */,
			);
			name = Pods;
			path = Pods;
			sourceTree = "<group>";
		};
		F23EDF702EDFB13200A217AA = {
			isa = PBXGroup;
			children = (
				F23EDF7B2EDFB13200A217AA /* ios_content_resizing */,
				F23EDF892EDFB13600A217AA /* ios_content_resizingTests */,
				F23EDF932EDFB13600A217AA /* ios_content_resizingUITests */,
				F23EDF7A2EDFB13200A217AA /* Products */,
				E4F00B57B56B5F4C870D955C /* Pods */,
				FDD2BF5D11FE0C2E86DF71DF /* Frameworks */,
			);
			sourceTree = "<group>";
		};
		F23EDF7A2EDFB13200A217AA /* Products */ = {
			isa = PBXGroup;
			children = (
				F23EDF792EDFB13200A217AA /* ios_content_resizing.app */,
				F23EDF862EDFB13600A217AA /* ios_content_resizingTests.xctest */,
				F23EDF902EDFB13600A217AA /* ios_content_resizingUITests.xctest */,
			);
			name = Products;
			sourceTree = "<group>";
		};
		FDD2BF5D11FE0C2E86DF71DF /* Frameworks */ = {
			isa = PBXGroup;
			children = (
				4E62017EB1C0A39E3EFC18A4 /* Pods_ios_content_resizing.framework */,
				360DA1E0B282E115E3C8D7BB /* Pods_ios_content_resizing_ios_content_resizingUITests.framework */,
				2BA5ED9EA5F86CC457B7A551 /* Pods_ios_content_resizingTests.framework */,
			);
			name = Frameworks;
			sourceTree = "<group>";
		};
/* End PBXGroup section */

/* Begin PBXNativeTarget section */
		F23EDF782EDFB13200A217AA /* ios_content_resizing */ = {
			isa = PBXNativeTarget;
			buildConfigurationList = F23EDF9A2EDFB13600A217AA /* Build configuration list for PBXNativeTarget "ios_content_resizing" */;
			buildPhases = (
				D122D976A970A0D87E823669 /* [CP] Check Pods Manifest.lock */,
				9A9A5AC07BA43CAE86140CAA /* [CP-User] Run Flutter Build flutter_module Script */,
				F23EDF752EDFB13200A217AA /* Sources */,
				F23EDF762EDFB13200A217AA /* Frameworks */,
				F23EDF772EDFB13200A217AA /* Resources */,
				47743C1E64091918F08E3FBC /* [CP-User] Embed Flutter Build flutter_module Script */,
			);
			buildRules = (
			);
			dependencies = (
			);
			fileSystemSynchronizedGroups = (
				F23EDF7B2EDFB13200A217AA /* ios_content_resizing */,
			);
			name = ios_content_resizing;
			productName = ios_content_resizing;
			productReference = F23EDF792EDFB13200A217AA /* ios_content_resizing.app */;
			productType = "com.apple.product-type.application";
		};
		F23EDF852EDFB13600A217AA /* ios_content_resizingTests */ = {
			isa = PBXNativeTarget;
			buildConfigurationList = F23EDF9D2EDFB13600A217AA /* Build configuration list for PBXNativeTarget "ios_content_resizingTests" */;
			buildPhases = (
				0B12C86ED93DBB1AC985689F /* [CP] Check Pods Manifest.lock */,
				F23EDF822EDFB13600A217AA /* Sources */,
				F23EDF832EDFB13600A217AA /* Frameworks */,
				F23EDF842EDFB13600A217AA /* Resources */,
			);
			buildRules = (
			);
			dependencies = (
				F23EDF882EDFB13600A217AA /* PBXTargetDependency */,
			);
			fileSystemSynchronizedGroups = (
				F23EDF892EDFB13600A217AA /* ios_content_resizingTests */,
			);
			name = ios_content_resizingTests;
			productName = ios_content_resizingTests;
			productReference = F23EDF862EDFB13600A217AA /* ios_content_resizingTests.xctest */;
			productType = "com.apple.product-type.bundle.unit-test";
		};
		F23EDF8F2EDFB13600A217AA /* ios_content_resizingUITests */ = {
			isa = PBXNativeTarget;
			buildConfigurationList = F23EDFA02EDFB13600A217AA /* Build configuration list for PBXNativeTarget "ios_content_resizingUITests" */;
			buildPhases = (
				892568C02BCB8E63C262CECA /* [CP] Check Pods Manifest.lock */,
				F23EDF8C2EDFB13600A217AA /* Sources */,
				F23EDF8D2EDFB13600A217AA /* Frameworks */,
				F23EDF8E2EDFB13600A217AA /* Resources */,
			);
			buildRules = (
			);
			dependencies = (
				F23EDF922EDFB13600A217AA /* PBXTargetDependency */,
			);
			fileSystemSynchronizedGroups = (
				F23EDF932EDFB13600A217AA /* ios_content_resizingUITests */,
			);
			name = ios_content_resizingUITests;
			productName = ios_content_resizingUITests;
			productReference = F23EDF902EDFB13600A217AA /* ios_content_resizingUITests.xctest */;
			productType = "com.apple.product-type.bundle.ui-testing";
		};
/* End PBXNativeTarget section */

/* Begin PBXProject section */
		F23EDF712EDFB13200A217AA /* Project object */ = {
			isa = PBXProject;
			attributes = {
				BuildIndependentTargetsInParallel = 1;
				LastSwiftUpdateCheck = 1640;
				LastUpgradeCheck = 1640;
				TargetAttributes = {
					F23EDF782EDFB13200A217AA = {
						CreatedOnToolsVersion = 16.4;
					};
					F23EDF852EDFB13600A217AA = {
						CreatedOnToolsVersion = 16.4;
						TestTargetID = F23EDF782EDFB13200A217AA;
					};
					F23EDF8F2EDFB13600A217AA = {
						CreatedOnToolsVersion = 16.4;
						TestTargetID = F23EDF782EDFB13200A217AA;
					};
				};
			};
			buildConfigurationList = F23EDF742EDFB13200A217AA /* Build configuration list for PBXProject "ios_content_resizing" */;
			developmentRegion = en;
			hasScannedForEncodings = 0;
			knownRegions = (
				en,
				Base,
			);
			mainGroup = F23EDF702EDFB13200A217AA;
			minimizedProjectReferenceProxies = 1;
			preferredProjectObjectVersion = 77;
			productRefGroup = F23EDF7A2EDFB13200A217AA /* Products */;
			projectDirPath = "";
			projectRoot = "";
			targets = (
				F23EDF782EDFB13200A217AA /* ios_content_resizing */,
				F23EDF852EDFB13600A217AA /* ios_content_resizingTests */,
				F23EDF8F2EDFB13600A217AA /* ios_content_resizingUITests */,
			);
		};
/* End PBXProject section */

/* Begin PBXResourcesBuildPhase section */
		F23EDF772EDFB13200A217AA /* Resources */ = {
			isa = PBXResourcesBuildPhase;
			buildActionMask = 2147483647;
			files = (
			);
			runOnlyForDeploymentPostprocessing = 0;
		};
		F23EDF842EDFB13600A217AA /* Resources */ = {
			isa = PBXResourcesBuildPhase;
			buildActionMask = 2147483647;
			files = (
			);
			runOnlyForDeploymentPostprocessing = 0;
		};
		F23EDF8E2EDFB13600A217AA /* Resources */ = {
			isa = PBXResourcesBuildPhase;
			buildActionMask = 2147483647;
			files = (
			);
			runOnlyForDeploymentPostprocessing = 0;
		};
/* End PBXResourcesBuildPhase section */

/* Begin PBXShellScriptBuildPhase section */
		0B12C86ED93DBB1AC985689F /* [CP] Check Pods Manifest.lock */ = {
			isa = PBXShellScriptBuildPhase;
			buildActionMask = 2147483647;
			files = (
			);
			inputFileListPaths = (
			);
			inputPaths = (
				"${PODS_PODFILE_DIR_PATH}/Podfile.lock",
				"${PODS_ROOT}/Manifest.lock",
			);
			name = "[CP] Check Pods Manifest.lock";
			outputFileListPaths = (
			);
			outputPaths = (
				"$(DERIVED_FILE_DIR)/Pods-ios_content_resizingTests-checkManifestLockResult.txt",
			);
			runOnlyForDeploymentPostprocessing = 0;
			shellPath = /bin/sh;
			shellScript = "diff \"${PODS_PODFILE_DIR_PATH}/Podfile.lock\" \"${PODS_ROOT}/Manifest.lock\" > /dev/null\nif [ $? != 0 ] ; then\n    # print error to STDERR\n    echo \"error: The sandbox is not in sync with the Podfile.lock. Run 'pod install' or update your CocoaPods installation.\" >&2\n    exit 1\nfi\n# This output is used by Xcode 'outputs' to avoid re-running this script phase.\necho \"SUCCESS\" > \"${SCRIPT_OUTPUT_FILE_0}\"\n";
			showEnvVarsInLog = 0;
		};
		47743C1E64091918F08E3FBC /* [CP-User] Embed Flutter Build flutter_module Script */ = {
			isa = PBXShellScriptBuildPhase;
			buildActionMask = 2147483647;
			files = (
			);
			name = "[CP-User] Embed Flutter Build flutter_module Script";
			runOnlyForDeploymentPostprocessing = 0;
			shellPath = /bin/sh;
			shellScript = "set -e\nset -u\nsource \"${SRCROOT}/../flutter_module/.ios/Flutter/flutter_export_environment.sh\"\nexport VERBOSE_SCRIPT_LOGGING=1 && \"$FLUTTER_ROOT\"/packages/flutter_tools/bin/xcode_backend.sh embed_and_thin";
		};
		892568C02BCB8E63C262CECA /* [CP] Check Pods Manifest.lock */ = {
			isa = PBXShellScriptBuildPhase;
			buildActionMask = 2147483647;
			files = (
			);
			inputFileListPaths = (
			);
			inputPaths = (
				"${PODS_PODFILE_DIR_PATH}/Podfile.lock",
				"${PODS_ROOT}/Manifest.lock",
			);
			name = "[CP] Check Pods Manifest.lock";
			outputFileListPaths = (
			);
			outputPaths = (
				"$(DERIVED_FILE_DIR)/Pods-ios_content_resizing-ios_content_resizingUITests-checkManifestLockResult.txt",
			);
			runOnlyForDeploymentPostprocessing = 0;
			shellPath = /bin/sh;
			shellScript = "diff \"${PODS_PODFILE_DIR_PATH}/Podfile.lock\" \"${PODS_ROOT}/Manifest.lock\" > /dev/null\nif [ $? != 0 ] ; then\n    # print error to STDERR\n    echo \"error: The sandbox is not in sync with the Podfile.lock. Run 'pod install' or update your CocoaPods installation.\" >&2\n    exit 1\nfi\n# This output is used by Xcode 'outputs' to avoid re-running this script phase.\necho \"SUCCESS\" > \"${SCRIPT_OUTPUT_FILE_0}\"\n";
			showEnvVarsInLog = 0;
		};
		9A9A5AC07BA43CAE86140CAA /* [CP-User] Run Flutter Build flutter_module Script */ = {
			isa = PBXShellScriptBuildPhase;
			buildActionMask = 2147483647;
			files = (
			);
			name = "[CP-User] Run Flutter Build flutter_module Script";
			runOnlyForDeploymentPostprocessing = 0;
			shellPath = /bin/sh;
			shellScript = "set -e\nset -u\nsource \"${SRCROOT}/../flutter_module/.ios/Flutter/flutter_export_environment.sh\"\nexport VERBOSE_SCRIPT_LOGGING=1 && \"$FLUTTER_ROOT\"/packages/flutter_tools/bin/xcode_backend.sh build";
		};
		D122D976A970A0D87E823669 /* [CP] Check Pods Manifest.lock */ = {
			isa = PBXShellScriptBuildPhase;
			buildActionMask = 2147483647;
			files = (
			);
			inputFileListPaths = (
			);
			inputPaths = (
				"${PODS_PODFILE_DIR_PATH}/Podfile.lock",
				"${PODS_ROOT}/Manifest.lock",
			);
			name = "[CP] Check Pods Manifest.lock";
			outputFileListPaths = (
			);
			outputPaths = (
				"$(DERIVED_FILE_DIR)/Pods-ios_content_resizing-checkManifestLockResult.txt",
			);
			runOnlyForDeploymentPostprocessing = 0;
			shellPath = /bin/sh;
			shellScript = "diff \"${PODS_PODFILE_DIR_PATH}/Podfile.lock\" \"${PODS_ROOT}/Manifest.lock\" > /dev/null\nif [ $? != 0 ] ; then\n    # print error to STDERR\n    echo \"error: The sandbox is not in sync with the Podfile.lock. Run 'pod install' or update your CocoaPods installation.\" >&2\n    exit 1\nfi\n# This output is used by Xcode 'outputs' to avoid re-running this script phase.\necho \"SUCCESS\" > \"${SCRIPT_OUTPUT_FILE_0}\"\n";
			showEnvVarsInLog = 0;
		};
/* End PBXShellScriptBuildPhase section */

/* Begin PBXSourcesBuildPhase section */
		F23EDF752EDFB13200A217AA /* Sources */ = {
			isa = PBXSourcesBuildPhase;
			buildActionMask = 2147483647;
			files = (
			);
			runOnlyForDeploymentPostprocessing = 0;
		};
		F23EDF822EDFB13600A217AA /* Sources */ = {
			isa = PBXSourcesBuildPhase;
			buildActionMask = 2147483647;
			files = (
			);
			runOnlyForDeploymentPostprocessing = 0;
		};
		F23EDF8C2EDFB13600A217AA /* Sources */ = {
			isa = PBXSourcesBuildPhase;
			buildActionMask = 2147483647;
			files = (
			);
			runOnlyForDeploymentPostprocessing = 0;
		};
/* End PBXSourcesBuildPhase section */

/* Begin PBXTargetDependency section */
		F23EDF882EDFB13600A217AA /* PBXTargetDependency */ = {
			isa = PBXTargetDependency;
			target = F23EDF782EDFB13200A217AA /* ios_content_resizing */;
			targetProxy = F23EDF872EDFB13600A217AA /* PBXContainerItemProxy */;
		};
		F23EDF922EDFB13600A217AA /* PBXTargetDependency */ = {
			isa = PBXTargetDependency;
			target = F23EDF782EDFB13200A217AA /* ios_content_resizing */;
			targetProxy = F23EDF912EDFB13600A217AA /* PBXContainerItemProxy */;
		};
/* End PBXTargetDependency section */

/* Begin XCBuildConfiguration section */
		F23EDF982EDFB13600A217AA /* Debug */ = {
			isa = XCBuildConfiguration;
			buildSettings = {
				ALWAYS_SEARCH_USER_PATHS = NO;
				ASSETCATALOG_COMPILER_GENERATE_SWIFT_ASSET_SYMBOL_EXTENSIONS = YES;
				CLANG_ANALYZER_NONNULL = YES;
				CLANG_ANALYZER_NUMBER_OBJECT_CONVERSION = YES_AGGRESSIVE;
				CLANG_CXX_LANGUAGE_STANDARD = "gnu++20";
				CLANG_ENABLE_MODULES = YES;
				CLANG_ENABLE_OBJC_ARC = YES;
				CLANG_ENABLE_OBJC_WEAK = YES;
				CLANG_WARN_BLOCK_CAPTURE_AUTORELEASING = YES;
				CLANG_WARN_BOOL_CONVERSION = YES;
				CLANG_WARN_COMMA = YES;
				CLANG_WARN_CONSTANT_CONVERSION = YES;
				CLANG_WARN_DEPRECATED_OBJC_IMPLEMENTATIONS = YES;
				CLANG_WARN_DIRECT_OBJC_ISA_USAGE = YES_ERROR;
				CLANG_WARN_DOCUMENTATION_COMMENTS = YES;
				CLANG_WARN_EMPTY_BODY = YES;
				CLANG_WARN_ENUM_CONVERSION = YES;
				CLANG_WARN_INFINITE_RECURSION = YES;
				CLANG_WARN_INT_CONVERSION = YES;
				CLANG_WARN_NON_LITERAL_NULL_CONVERSION = YES;
				CLANG_WARN_OBJC_IMPLICIT_RETAIN_SELF = YES;
				CLANG_WARN_OBJC_LITERAL_CONVERSION = YES;
				CLANG_WARN_OBJC_ROOT_CLASS = YES_ERROR;
				CLANG_WARN_QUOTED_INCLUDE_IN_FRAMEWORK_HEADER = YES;
				CLANG_WARN_RANGE_LOOP_ANALYSIS = YES;
				CLANG_WARN_STRICT_PROTOTYPES = YES;
				CLANG_WARN_SUSPICIOUS_MOVE = YES;
				CLANG_WARN_UNGUARDED_AVAILABILITY = YES_AGGRESSIVE;
				CLANG_WARN_UNREACHABLE_CODE = YES;
				CLANG_WARN__DUPLICATE_METHOD_MATCH = YES;
				COPY_PHASE_STRIP = NO;
				DEBUG_INFORMATION_FORMAT = dwarf;
				DEVELOPMENT_TEAM = S8QB4VV633;
				ENABLE_STRICT_OBJC_MSGSEND = YES;
				ENABLE_TESTABILITY = YES;
				ENABLE_USER_SCRIPT_SANDBOXING = YES;
				GCC_C_LANGUAGE_STANDARD = gnu17;
				GCC_DYNAMIC_NO_PIC = NO;
				GCC_NO_COMMON_BLOCKS = YES;
				GCC_OPTIMIZATION_LEVEL = 0;
				GCC_PREPROCESSOR_DEFINITIONS = (
					"DEBUG=1",
					"$(inherited)",
				);
				GCC_WARN_64_TO_32_BIT_CONVERSION = YES;
				GCC_WARN_ABOUT_RETURN_TYPE = YES_ERROR;
				GCC_WARN_UNDECLARED_SELECTOR = YES;
				GCC_WARN_UNINITIALIZED_AUTOS = YES_AGGRESSIVE;
				GCC_WARN_UNUSED_FUNCTION = YES;
				GCC_WARN_UNUSED_VARIABLE = YES;
				IPHONEOS_DEPLOYMENT_TARGET = 18.5;
				LOCALIZATION_PREFERS_STRING_CATALOGS = YES;
				MTL_ENABLE_DEBUG_INFO = INCLUDE_SOURCE;
				MTL_FAST_MATH = YES;
				ONLY_ACTIVE_ARCH = YES;
				SDKROOT = iphoneos;
				SWIFT_ACTIVE_COMPILATION_CONDITIONS = "DEBUG $(inherited)";
				SWIFT_OPTIMIZATION_LEVEL = "-Onone";
			};
			name = Debug;
		};
		F23EDF992EDFB13600A217AA /* Release */ = {
			isa = XCBuildConfiguration;
			buildSettings = {
				ALWAYS_SEARCH_USER_PATHS = NO;
				ASSETCATALOG_COMPILER_GENERATE_SWIFT_ASSET_SYMBOL_EXTENSIONS = YES;
				CLANG_ANALYZER_NONNULL = YES;
				CLANG_ANALYZER_NUMBER_OBJECT_CONVERSION = YES_AGGRESSIVE;
				CLANG_CXX_LANGUAGE_STANDARD = "gnu++20";
				CLANG_ENABLE_MODULES = YES;
				CLANG_ENABLE_OBJC_ARC = YES;
				CLANG_ENABLE_OBJC_WEAK = YES;
				CLANG_WARN_BLOCK_CAPTURE_AUTORELEASING = YES;
				CLANG_WARN_BOOL_CONVERSION = YES;
				CLANG_WARN_COMMA = YES;
				CLANG_WARN_CONSTANT_CONVERSION = YES;
				CLANG_WARN_DEPRECATED_OBJC_IMPLEMENTATIONS = YES;
				CLANG_WARN_DIRECT_OBJC_ISA_USAGE = YES_ERROR;
				CLANG_WARN_DOCUMENTATION_COMMENTS = YES;
				CLANG_WARN_EMPTY_BODY = YES;
				CLANG_WARN_ENUM_CONVERSION = YES;
				CLANG_WARN_INFINITE_RECURSION = YES;
				CLANG_WARN_INT_CONVERSION = YES;
				CLANG_WARN_NON_LITERAL_NULL_CONVERSION = YES;
				CLANG_WARN_OBJC_IMPLICIT_RETAIN_SELF = YES;
				CLANG_WARN_OBJC_LITERAL_CONVERSION = YES;
				CLANG_WARN_OBJC_ROOT_CLASS = YES_ERROR;
				CLANG_WARN_QUOTED_INCLUDE_IN_FRAMEWORK_HEADER = YES;
				CLANG_WARN_RANGE_LOOP_ANALYSIS = YES;
				CLANG_WARN_STRICT_PROTOTYPES = YES;
				CLANG_WARN_SUSPICIOUS_MOVE = YES;
				CLANG_WARN_UNGUARDED_AVAILABILITY = YES_AGGRESSIVE;
				CLANG_WARN_UNREACHABLE_CODE = YES;
				CLANG_WARN__DUPLICATE_METHOD_MATCH = YES;
				COPY_PHASE_STRIP = NO;
				DEBUG_INFORMATION_FORMAT = "dwarf-with-dsym";
				DEVELOPMENT_TEAM = S8QB4VV633;
				ENABLE_NS_ASSERTIONS = NO;
				ENABLE_STRICT_OBJC_MSGSEND = YES;
				ENABLE_USER_SCRIPT_SANDBOXING = YES;
				GCC_C_LANGUAGE_STANDARD = gnu17;
				GCC_NO_COMMON_BLOCKS = YES;
				GCC_WARN_64_TO_32_BIT_CONVERSION = YES;
				GCC_WARN_ABOUT_RETURN_TYPE = YES_ERROR;
				GCC_WARN_UNDECLARED_SELECTOR = YES;
				GCC_WARN_UNINITIALIZED_AUTOS = YES_AGGRESSIVE;
				GCC_WARN_UNUSED_FUNCTION = YES;
				GCC_WARN_UNUSED_VARIABLE = YES;
				IPHONEOS_DEPLOYMENT_TARGET = 18.5;
				LOCALIZATION_PREFERS_STRING_CATALOGS = YES;
				MTL_ENABLE_DEBUG_INFO = NO;
				MTL_FAST_MATH = YES;
				SDKROOT = iphoneos;
				SWIFT_COMPILATION_MODE = wholemodule;
				VALIDATE_PRODUCT = YES;
			};
			name = Release;
		};
		F23EDF9B2EDFB13600A217AA /* Debug */ = {
			isa = XCBuildConfiguration;
			baseConfigurationReference = E7C9AB9AF800727134F490DD /* Pods-ios_content_resizing.debug.xcconfig */;
			buildSettings = {
				ASSETCATALOG_COMPILER_APPICON_NAME = AppIcon;
				ASSETCATALOG_COMPILER_GLOBAL_ACCENT_COLOR_NAME = AccentColor;
				CODE_SIGN_STYLE = Automatic;
				CURRENT_PROJECT_VERSION = 1;
				DEVELOPMENT_TEAM = S8QB4VV633;
				ENABLE_PREVIEWS = YES;
				GENERATE_INFOPLIST_FILE = YES;
				INFOPLIST_KEY_UIApplicationSceneManifest_Generation = YES;
				INFOPLIST_KEY_UIApplicationSupportsIndirectInputEvents = YES;
				INFOPLIST_KEY_UILaunchScreen_Generation = YES;
				INFOPLIST_KEY_UISupportedInterfaceOrientations_iPad = "UIInterfaceOrientationPortrait UIInterfaceOrientationPortraitUpsideDown UIInterfaceOrientationLandscapeLeft UIInterfaceOrientationLandscapeRight";
				INFOPLIST_KEY_UISupportedInterfaceOrientations_iPhone = "UIInterfaceOrientationPortrait UIInterfaceOrientationLandscapeLeft UIInterfaceOrientationLandscapeRight";
				LD_RUNPATH_SEARCH_PATHS = (
					"$(inherited)",
					"@executable_path/Frameworks",
				);
				MARKETING_VERSION = 1.0;
				PRODUCT_BUNDLE_IDENTIFIER = "dev.flutter.plugins.ios-content-resizing";
				PRODUCT_NAME = "$(TARGET_NAME)";
				SWIFT_EMIT_LOC_STRINGS = YES;
				SWIFT_VERSION = 5.0;
				TARGETED_DEVICE_FAMILY = "1,2";
			};
			name = Debug;
		};
		F23EDF9C2EDFB13600A217AA /* Release */ = {
			isa = XCBuildConfiguration;
			baseConfigurationReference = 2A7A73D9E31CDD167C0DABA2 /* Pods-ios_content_resizing.release.xcconfig */;
			buildSettings = {
				ASSETCATALOG_COMPILER_APPICON_NAME = AppIcon;
				ASSETCATALOG_COMPILER_GLOBAL_ACCENT_COLOR_NAME = AccentColor;
				CODE_SIGN_STYLE = Automatic;
				CURRENT_PROJECT_VERSION = 1;
				DEVELOPMENT_TEAM = S8QB4VV633;
				ENABLE_PREVIEWS = YES;
				GENERATE_INFOPLIST_FILE = YES;
				INFOPLIST_KEY_UIApplicationSceneManifest_Generation = YES;
				INFOPLIST_KEY_UIApplicationSupportsIndirectInputEvents = YES;
				INFOPLIST_KEY_UILaunchScreen_Generation = YES;
				INFOPLIST_KEY_UISupportedInterfaceOrientations_iPad = "UIInterfaceOrientationPortrait UIInterfaceOrientationPortraitUpsideDown UIInterfaceOrientationLandscapeLeft UIInterfaceOrientationLandscapeRight";
				INFOPLIST_KEY_UISupportedInterfaceOrientations_iPhone = "UIInterfaceOrientationPortrait UIInterfaceOrientationLandscapeLeft UIInterfaceOrientationLandscapeRight";
				LD_RUNPATH_SEARCH_PATHS = (
					"$(inherited)",
					"@executable_path/Frameworks",
				);
				MARKETING_VERSION = 1.0;
				PRODUCT_BUNDLE_IDENTIFIER = "dev.flutter.plugins.ios-content-resizing";
				PRODUCT_NAME = "$(TARGET_NAME)";
				SWIFT_EMIT_LOC_STRINGS = YES;
				SWIFT_VERSION = 5.0;
				TARGETED_DEVICE_FAMILY = "1,2";
			};
			name = Release;
		};
		F23EDF9E2EDFB13600A217AA /* Debug */ = {
			isa = XCBuildConfiguration;
			baseConfigurationReference = 0733AA154A58ADE65312896D /* Pods-ios_content_resizingTests.debug.xcconfig */;
			buildSettings = {
				BUNDLE_LOADER = "$(TEST_HOST)";
				CODE_SIGN_STYLE = Automatic;
				CURRENT_PROJECT_VERSION = 1;
				DEVELOPMENT_TEAM = S8QB4VV633;
				GENERATE_INFOPLIST_FILE = YES;
				IPHONEOS_DEPLOYMENT_TARGET = 18.5;
				MARKETING_VERSION = 1.0;
				PRODUCT_BUNDLE_IDENTIFIER = "dev.flutter.plugins.ios-content-resizingTests";
				PRODUCT_NAME = "$(TARGET_NAME)";
				SWIFT_EMIT_LOC_STRINGS = NO;
				SWIFT_VERSION = 5.0;
				TARGETED_DEVICE_FAMILY = "1,2";
				TEST_HOST = "$(BUILT_PRODUCTS_DIR)/ios_content_resizing.app/$(BUNDLE_EXECUTABLE_FOLDER_PATH)/ios_content_resizing";
			};
			name = Debug;
		};
		F23EDF9F2EDFB13600A217AA /* Release */ = {
			isa = XCBuildConfiguration;
			baseConfigurationReference = E83F8034DEBD121D26C241B2 /* Pods-ios_content_resizingTests.release.xcconfig */;
			buildSettings = {
				BUNDLE_LOADER = "$(TEST_HOST)";
				CODE_SIGN_STYLE = Automatic;
				CURRENT_PROJECT_VERSION = 1;
				DEVELOPMENT_TEAM = S8QB4VV633;
				GENERATE_INFOPLIST_FILE = YES;
				IPHONEOS_DEPLOYMENT_TARGET = 18.5;
				MARKETING_VERSION = 1.0;
				PRODUCT_BUNDLE_IDENTIFIER = "dev.flutter.plugins.ios-content-resizingTests";
				PRODUCT_NAME = "$(TARGET_NAME)";
				SWIFT_EMIT_LOC_STRINGS = NO;
				SWIFT_VERSION = 5.0;
				TARGETED_DEVICE_FAMILY = "1,2";
				TEST_HOST = "$(BUILT_PRODUCTS_DIR)/ios_content_resizing.app/$(BUNDLE_EXECUTABLE_FOLDER_PATH)/ios_content_resizing";
			};
			name = Release;
		};
		F23EDFA12EDFB13600A217AA /* Debug */ = {
			isa = XCBuildConfiguration;
			baseConfigurationReference = 6668053CE993405B3DC50D73 /* Pods-ios_content_resizing-ios_content_resizingUITests.debug.xcconfig */;
			buildSettings = {
				CODE_SIGN_STYLE = Automatic;
				CURRENT_PROJECT_VERSION = 1;
				DEVELOPMENT_TEAM = S8QB4VV633;
				GENERATE_INFOPLIST_FILE = YES;
				MARKETING_VERSION = 1.0;
				PRODUCT_BUNDLE_IDENTIFIER = "dev.flutter.plugins.ios-content-resizingUITests";
				PRODUCT_NAME = "$(TARGET_NAME)";
				SWIFT_EMIT_LOC_STRINGS = NO;
				SWIFT_VERSION = 5.0;
				TARGETED_DEVICE_FAMILY = "1,2";
				TEST_TARGET_NAME = ios_content_resizing;
			};
			name = Debug;
		};
		F23EDFA22EDFB13600A217AA /* Release */ = {
			isa = XCBuildConfiguration;
			baseConfigurationReference = 7977AC1A580247C02F750060 /* Pods-ios_content_resizing-ios_content_resizingUITests.release.xcconfig */;
			buildSettings = {
				CODE_SIGN_STYLE = Automatic;
				CURRENT_PROJECT_VERSION = 1;
				DEVELOPMENT_TEAM = S8QB4VV633;
				GENERATE_INFOPLIST_FILE = YES;
				MARKETING_VERSION = 1.0;
				PRODUCT_BUNDLE_IDENTIFIER = "dev.flutter.plugins.ios-content-resizingUITests";
				PRODUCT_NAME = "$(TARGET_NAME)";
				SWIFT_EMIT_LOC_STRINGS = NO;
				SWIFT_VERSION = 5.0;
				TARGETED_DEVICE_FAMILY = "1,2";
				TEST_TARGET_NAME = ios_content_resizing;
			};
			name = Release;
		};
/* End XCBuildConfiguration section */

/* Begin XCConfigurationList section */
		F23EDF742EDFB13200A217AA /* Build configuration list for PBXProject "ios_content_resizing" */ = {
			isa = XCConfigurationList;
			buildConfigurations = (
				F23EDF982EDFB13600A217AA /* Debug */,
				F23EDF992EDFB13600A217AA /* Release */,
			);
			defaultConfigurationIsVisible = 0;
			defaultConfigurationName = Release;
		};
		F23EDF9A2EDFB13600A217AA /* Build configuration list for PBXNativeTarget "ios_content_resizing" */ = {
			isa = XCConfigurationList;
			buildConfigurations = (
				F23EDF9B2EDFB13600A217AA /* Debug */,
				F23EDF9C2EDFB13600A217AA /* Release */,
			);
			defaultConfigurationIsVisible = 0;
			defaultConfigurationName = Release;
		};
		F23EDF9D2EDFB13600A217AA /* Build configuration list for PBXNativeTarget "ios_content_resizingTests" */ = {
			isa = XCConfigurationList;
			buildConfigurations = (
				F23EDF9E2EDFB13600A217AA /* Debug */,
				F23EDF9F2EDFB13600A217AA /* Release */,
			);
			defaultConfigurationIsVisible = 0;
			defaultConfigurationName = Release;
		};
		F23EDFA02EDFB13600A217AA /* Build configuration list for PBXNativeTarget "ios_content_resizingUITests" */ = {
			isa = XCConfigurationList;
			buildConfigurations = (
				F23EDFA12EDFB13600A217AA /* Debug */,
				F23EDFA22EDFB13600A217AA /* Release */,
			);
			defaultConfigurationIsVisible = 0;
			defaultConfigurationName = Release;
		};
/* End XCConfigurationList section */
	};
	rootObject = F23EDF712EDFB13200A217AA /* Project object */;
}
