PODS:
  - Flutter (1.0.0)
  - flutter_module_books (0.0.1):
    - Flutter
  - FlutterPluginRegistrant (0.0.1):
    - Flutter

DEPENDENCIES:
  - Flutter (from `../flutter_module_books/.ios/Flutter/engine`)
  - flutter_module_books (from `../flutter_module_books/.ios/Flutter`)
  - FlutterPluginRegistrant (from `../flutter_module_books/.ios/Flutter/FlutterPluginRegistrant`)

EXTERNAL SOURCES:
  Flutter:
    :path: "../flutter_module_books/.ios/Flutter/engine"
  flutter_module_books:
    :path: "../flutter_module_books/.ios/Flutter"
  FlutterPluginRegistrant:
    :path: "../flutter_module_books/.ios/Flutter/FlutterPluginRegistrant"

SPEC CHECKSUMS:
  Flutter: ac41d61a47ae5bf8195a5598d2d63754888ec0d5
  flutter_module_books: 537fdde264c187fc97299f730dd35974055cac20
  FlutterPluginRegistrant: 2afd5ea46d3a949472c9b7da6462d8fbf7d8b16e

PODFILE CHECKSUM: 96e3c2df11e96c20ece1d4185fde634ec6324fcc

COCOAPODS: 1.9.3
