PODS:
  - Flutter (1.0.0)
  - FlutterPluginRegistrant (0.0.1):
    - Flutter
    - url_launcher
  - multiple_flutters_module (0.0.1):
    - Flutter
  - url_launcher (0.0.1):
    - Flutter

DEPENDENCIES:
  - Flutter (from `../multiple_flutters_module/.ios/Flutter/engine`)
  - FlutterPluginRegistrant (from `../multiple_flutters_module/.ios/Flutter/FlutterPluginRegistrant`)
  - multiple_flutters_module (from `../multiple_flutters_module/.ios/Flutter`)
  - url_launcher (from `../multiple_flutters_module/.ios/.symlinks/plugins/url_launcher/ios`)

EXTERNAL SOURCES:
  Flutter:
    :path: "../multiple_flutters_module/.ios/Flutter/engine"
  FlutterPluginRegistrant:
    :path: "../multiple_flutters_module/.ios/Flutter/FlutterPluginRegistrant"
  multiple_flutters_module:
    :path: "../multiple_flutters_module/.ios/Flutter"
  url_launcher:
    :path: "../multiple_flutters_module/.ios/.symlinks/plugins/url_launcher/ios"

SPEC CHECKSUMS:
  Flutter: bdfa2e8fe0e2880a2c6a58a0b1a8675c262a07af
  FlutterPluginRegistrant: d0de10c7c4fc31cc6b676a5965b96100f7c035f7
  multiple_flutters_module: fdf461a0e4225614d475110d85db6fd6de5aeff1
  url_launcher: b6e016d912f04be9f5bf6e8e82dc599b7ba59649

PODFILE CHECKSUM: 91c00dfcff6ea3b8d853bf0c2411672a01ca993c

COCOAPODS: 1.11.2
