PODS:
  - federated_plugin_macos (0.0.1):
    - FlutterMacOS
  - FlutterMacOS (1.0.0)

DEPENDENCIES:
  - federated_plugin_macos (from `Flutter/ephemeral/.symlinks/plugins/federated_plugin_macos/macos`)
  - FlutterMacOS (from `Flutter/ephemeral`)

EXTERNAL SOURCES:
  federated_plugin_macos:
    :path: Flutter/ephemeral/.symlinks/plugins/federated_plugin_macos/macos
  FlutterMacOS:
    :path: Flutter/ephemeral

SPEC CHECKSUMS:
  federated_plugin_macos: 17ae257684352ae643c3cec850b1299c3b6c5856
  FlutterMacOS: 57701585bf7de1b3fc2bb61f6378d73bbdea8424

PODFILE CHECKSUM: 6eac6b3292e5142cfc23bdeb71848a40ec51c14c

COCOAPODS: 1.11.2
