PODS:
  - file_chooser (0.0.2):
    - FlutterMacOS
  - FlutterMacOS (1.0.0)
  - menubar (0.0.2):
    - FlutterMacOS
  - shared_preferences_fde (0.0.1):
    - FlutterMacOS
  - url_launcher_fde (0.0.1):
    - FlutterMacOS

DEPENDENCIES:
  - file_chooser (from `Flutter/ephemeral/.symlinks/plugins/file_chooser/macos`)
  - FlutterMacOS (from `Flutter/ephemeral/.symlinks/flutter/darwin-x64`)
  - menubar (from `Flutter/ephemeral/.symlinks/plugins/menubar/macos`)
  - shared_preferences_fde (from `Flutter/ephemeral/.symlinks/plugins/shared_preferences_fde/macos`)
  - url_launcher_fde (from `Flutter/ephemeral/.symlinks/plugins/url_launcher_fde/macos`)

EXTERNAL SOURCES:
  file_chooser:
    :path: Flutter/ephemeral/.symlinks/plugins/file_chooser/macos
  FlutterMacOS:
    :path: Flutter/ephemeral/.symlinks/flutter/darwin-x64
  menubar:
    :path: Flutter/ephemeral/.symlinks/plugins/menubar/macos
  shared_preferences_fde:
    :path: Flutter/ephemeral/.symlinks/plugins/shared_preferences_fde/macos
  url_launcher_fde:
    :path: Flutter/ephemeral/.symlinks/plugins/url_launcher_fde/macos

SPEC CHECKSUMS:
  file_chooser: 24432cf5dc836722b05c11c2a0a30d19c3c9b996
  FlutterMacOS: 15bea8a44d2fa024068daa0140371c020b4b6ff9
  menubar: 4e3d461d62d775540277ce6639acafe2a111a231
  shared_preferences_fde: 71710025ac76ed132b9a27108b3ec0816f3a7dbb
  url_launcher_fde: 2e3afc0d9c7c0dfe63e0ef42030ec62d56096b38

PODFILE CHECKSUM: d8ba9b3e9e93c62c74a660b46c6fcb09f03991a7

COCOAPODS: 1.8.4
