PODS:
  - Flutter (1.0.0)
  - flutter_module_using_plugin (0.0.1):
    - Flutter
  - FlutterPluginRegistrant (0.0.1):
    - Flutter
    - url_launcher
  - url_launcher (0.0.1):
    - Flutter

DEPENDENCIES:
  - Flutter (from `../flutter_module_using_plugin/.ios/Flutter/engine`)
  - flutter_module_using_plugin (from `../flutter_module_using_plugin/.ios/Flutter`)
  - FlutterPluginRegistrant (from `../flutter_module_using_plugin/.ios/Flutter/FlutterPluginRegistrant`)
  - url_launcher (from `../flutter_module_using_plugin/.ios/Flutter/.symlinks/url_launcher/ios`)

EXTERNAL SOURCES:
  Flutter:
    :path: "../flutter_module_using_plugin/.ios/Flutter/engine"
  flutter_module_using_plugin:
    :path: "../flutter_module_using_plugin/.ios/Flutter"
  FlutterPluginRegistrant:
    :path: "../flutter_module_using_plugin/.ios/Flutter/FlutterPluginRegistrant"
  url_launcher:
    :path: "../flutter_module_using_plugin/.ios/Flutter/.symlinks/url_launcher/ios"

SPEC CHECKSUMS:
  Flutter: 0e3d915762c693b495b44d77113d4970485de6ec
  flutter_module_using_plugin: 3c6ddd2296edc03cbe09c33f12a2c522ccc36e5b
  FlutterPluginRegistrant: d0de10c7c4fc31cc6b676a5965b96100f7c035f7
  url_launcher: 6fef411d543ceb26efce54b05a0a40bfd74cbbef

PODFILE CHECKSUM: 357b6c94e1edb8289fba0dbdd79daa105ab9d88c

COCOAPODS: 1.8.4
