// !$*UTF8*$!
{
	archiveVersion = 1;
	classes = {
	};
	objectVersion = 77;
	objects = {

/* Begin PBXContainerItemProxy section */
		F20094D12EC3F7A0001B3EFD /* PBXContainerItemProxy */ = {
			isa = PBXContainerItemProxy;
			containerPortal = F20094BB2EC3F79E001B3EFD /* Project object */;
			proxyType = 1;
			remoteGlobalIDString = F20094C22EC3F79E001B3EFD;
			remoteInfo = ios_dynamic_content_resize;
		};
		F20094DB2EC3F7A0001B3EFD /* PBXContainerItemProxy */ = {
			isa = PBXContainerItemProxy;
			containerPortal = F20094BB2EC3F79E001B3EFD /* Project object */;
			proxyType = 1;
			remoteGlobalIDString = F20094C22EC3F79E001B3EFD;
			remoteInfo = ios_dynamic_content_resize;
		};
/* End PBXContainerItemProxy section */

/* Begin PBXFileReference section */
		F20094C32EC3F79E001B3EFD /* ios_dynamic_content_resize.app */ = {isa = PBXFileReference; explicitFileType = wrapper.application; includeInIndex = 0; path = ios_dynamic_content_resize.app; sourceTree = BUILT_PRODUCTS_DIR; };
		F20094D02EC3F7A0001B3EFD /* ios_dynamic_content_resizeTests.xctest */ = {isa = PBXFileReference; explicitFileType = wrapper.cfbundle; includeInIndex = 0; path = ios_dynamic_content_resizeTests.xctest; sourceTree = BUILT_PRODUCTS_DIR; };
		F20094DA2EC3F7A0001B3EFD /* ios_dynamic_content_resizeUITests.xctest */ = {isa = PBXFileReference; explicitFileType = wrapper.cfbundle; includeInIndex = 0; path = ios_dynamic_content_resizeUITests.xctest; sourceTree = BUILT_PRODUCTS_DIR; };
/* End PBXFileReference section */

/* Begin PBXFileSystemSynchronizedRootGroup section */
		F20094C52EC3F79E001B3EFD /* ios_dynamic_content_resize */ = {
			isa = PBXFileSystemSynchronizedRootGroup;
			path = ios_dynamic_content_resize;
			sourceTree = "<group>";
		};
		F20094D32EC3F7A0001B3EFD /* ios_dynamic_content_resizeTests */ = {
			isa = PBXFileSystemSynchronizedRootGroup;
			path = ios_dynamic_content_resizeTests;
			sourceTree = "<group>";
		};
		F20094DD2EC3F7A0001B3EFD /* ios_dynamic_content_resizeUITests */ = {
			isa = PBXFileSystemSynchronizedRootGroup;
			path = ios_dynamic_content_resizeUITests;
			sourceTree = "<group>";
		};
/* End PBXFileSystemSynchronizedRootGroup section */

/* Begin PBXFrameworksBuildPhase section */
		F20094C02EC3F79E001B3EFD /* Frameworks */ = {
			isa = PBXFrameworksBuildPhase;
			buildActionMask = 2147483647;
			files = (
			);
			runOnlyForDeploymentPostprocessing = 0;
		};
		F20094CD2EC3F7A0001B3EFD /* Frameworks */ = {
			isa = PBXFrameworksBuildPhase;
			buildActionMask = 2147483647;
			files = (
			);
			runOnlyForDeploymentPostprocessing = 0;
		};
		F20094D72EC3F7A0001B3EFD /* Frameworks */ = {
			isa = PBXFrameworksBuildPhase;
			buildActionMask = 2147483647;
			files = (
			);
			runOnlyForDeploymentPostprocessing = 0;
		};
/* End PBXFrameworksBuildPhase section */

/* Begin PBXGroup section */
		F20094BA2EC3F79E001B3EFD = {
			isa = PBXGroup;
			children = (
				F20094C52EC3F79E001B3EFD /* ios_dynamic_content_resize */,
				F20094D32EC3F7A0001B3EFD /* ios_dynamic_content_resizeTests */,
				F20094DD2EC3F7A0001B3EFD /* ios_dynamic_content_resizeUITests */,
				F20094C42EC3F79E001B3EFD /* Products */,
			);
			sourceTree = "<group>";
		};
		F20094C42EC3F79E001B3EFD /* Products */ = {
			isa = PBXGroup;
			children = (
				F20094C32EC3F79E001B3EFD /* ios_dynamic_content_resize.app */,
				F20094D02EC3F7A0001B3EFD /* ios_dynamic_content_resizeTests.xctest */,
				F20094DA2EC3F7A0001B3EFD /* ios_dynamic_content_resizeUITests.xctest */,
			);
			name = Products;
			sourceTree = "<group>";
		};
/* End PBXGroup section */

/* Begin PBXNativeTarget section */
		F20094C22EC3F79E001B3EFD /* ios_dynamic_content_resize */ = {
			isa = PBXNativeTarget;
			buildConfigurationList = F20094E42EC3F7A0001B3EFD /* Build configuration list for PBXNativeTarget "ios_dynamic_content_resize" */;
			buildPhases = (
				F20094BF2EC3F79E001B3EFD /* Sources */,
				F20094C02EC3F79E001B3EFD /* Frameworks */,
				F20094C12EC3F79E001B3EFD /* Resources */,
			);
			buildRules = (
			);
			dependencies = (
			);
			fileSystemSynchronizedGroups = (
				F20094C52EC3F79E001B3EFD /* ios_dynamic_content_resize */,
			);
			name = ios_dynamic_content_resize;
			packageProductDependencies = (
			);
			productName = ios_dynamic_content_resize;
			productReference = F20094C32EC3F79E001B3EFD /* ios_dynamic_content_resize.app */;
			productType = "com.apple.product-type.application";
		};
		F20094CF2EC3F7A0001B3EFD /* ios_dynamic_content_resizeTests */ = {
			isa = PBXNativeTarget;
			buildConfigurationList = F20094E72EC3F7A0001B3EFD /* Build configuration list for PBXNativeTarget "ios_dynamic_content_resizeTests" */;
			buildPhases = (
				F20094CC2EC3F7A0001B3EFD /* Sources */,
				F20094CD2EC3F7A0001B3EFD /* Frameworks */,
				F20094CE2EC3F7A0001B3EFD /* Resources */,
			);
			buildRules = (
			);
			dependencies = (
				F20094D22EC3F7A0001B3EFD /* PBXTargetDependency */,
			);
			fileSystemSynchronizedGroups = (
				F20094D32EC3F7A0001B3EFD /* ios_dynamic_content_resizeTests */,
			);
			name = ios_dynamic_content_resizeTests;
			packageProductDependencies = (
			);
			productName = ios_dynamic_content_resizeTests;
			productReference = F20094D02EC3F7A0001B3EFD /* ios_dynamic_content_resizeTests.xctest */;
			productType = "com.apple.product-type.bundle.unit-test";
		};
		F20094D92EC3F7A0001B3EFD /* ios_dynamic_content_resizeUITests */ = {
			isa = PBXNativeTarget;
			buildConfigurationList = F20094EA2EC3F7A0001B3EFD /* Build configuration list for PBXNativeTarget "ios_dynamic_content_resizeUITests" */;
			buildPhases = (
				F20094D62EC3F7A0001B3EFD /* Sources */,
				F20094D72EC3F7A0001B3EFD /* Frameworks */,
				F20094D82EC3F7A0001B3EFD /* Resources */,
			);
			buildRules = (
			);
			dependencies = (
				F20094DC2EC3F7A0001B3EFD /* PBXTargetDependency */,
			);
			fileSystemSynchronizedGroups = (
				F20094DD2EC3F7A0001B3EFD /* ios_dynamic_content_resizeUITests */,
			);
			name = ios_dynamic_content_resizeUITests;
			packageProductDependencies = (
			);
			productName = ios_dynamic_content_resizeUITests;
			productReference = F20094DA2EC3F7A0001B3EFD /* ios_dynamic_content_resizeUITests.xctest */;
			productType = "com.apple.product-type.bundle.ui-testing";
		};
/* End PBXNativeTarget section */

/* Begin PBXProject section */
		F20094BB2EC3F79E001B3EFD /* Project object */ = {
			isa = PBXProject;
			attributes = {
				BuildIndependentTargetsInParallel = 1;
				LastSwiftUpdateCheck = 2620;
				LastUpgradeCheck = 2620;
				TargetAttributes = {
					F20094C22EC3F79E001B3EFD = {
						CreatedOnToolsVersion = 26.2;
					};
					F20094CF2EC3F7A0001B3EFD = {
						CreatedOnToolsVersion = 26.2;
						TestTargetID = F20094C22EC3F79E001B3EFD;
					};
					F20094D92EC3F7A0001B3EFD = {
						CreatedOnToolsVersion = 26.2;
						TestTargetID = F20094C22EC3F79E001B3EFD;
					};
				};
			};
			buildConfigurationList = F20094BE2EC3F79E001B3EFD /* Build configuration list for PBXProject "ios_dynamic_content_resize" */;
			developmentRegion = en;
			hasScannedForEncodings = 0;
			knownRegions = (
				en,
				Base,
			);
			mainGroup = F20094BA2EC3F79E001B3EFD;
			minimizedProjectReferenceProxies = 1;
			preferredProjectObjectVersion = 77;
			productRefGroup = F20094C42EC3F79E001B3EFD /* Products */;
			projectDirPath = "";
			projectRoot = "";
			targets = (
				F20094C22EC3F79E001B3EFD /* ios_dynamic_content_resize */,
				F20094CF2EC3F7A0001B3EFD /* ios_dynamic_content_resizeTests */,
				F20094D92EC3F7A0001B3EFD /* ios_dynamic_content_resizeUITests */,
			);
		};
/* End PBXProject section */

/* Begin PBXResourcesBuildPhase section */
		F20094C12EC3F79E001B3EFD /* Resources */ = {
			isa = PBXResourcesBuildPhase;
			buildActionMask = 2147483647;
			files = (
			);
			runOnlyForDeploymentPostprocessing = 0;
		};
		F20094CE2EC3F7A0001B3EFD /* Resources */ = {
			isa = PBXResourcesBuildPhase;
			buildActionMask = 2147483647;
			files = (
			);
			runOnlyForDeploymentPostprocessing = 0;
		};
		F20094D82EC3F7A0001B3EFD /* Resources */ = {
			isa = PBXResourcesBuildPhase;
			buildActionMask = 2147483647;
			files = (
			);
			runOnlyForDeploymentPostprocessing = 0;
		};
/* End PBXResourcesBuildPhase section */

/* Begin PBXSourcesBuildPhase section */
		F20094BF2EC3F79E001B3EFD /* Sources */ = {
			isa = PBXSourcesBuildPhase;
			buildActionMask = 2147483647;
			files = (
			);
			runOnlyForDeploymentPostprocessing = 0;
		};
		F20094CC2EC3F7A0001B3EFD /* Sources */ = {
			isa = PBXSourcesBuildPhase;
			buildActionMask = 2147483647;
			files = (
			);
			runOnlyForDeploymentPostprocessing = 0;
		};
		F20094D62EC3F7A0001B3EFD /* Sources */ = {
			isa = PBXSourcesBuildPhase;
			buildActionMask = 2147483647;
			files = (
			);
			runOnlyForDeploymentPostprocessing = 0;
		};
/* End PBXSourcesBuildPhase section */

/* Begin PBXTargetDependency section */
		F20094D22EC3F7A0001B3EFD /* PBXTargetDependency */ = {
			isa = PBXTargetDependency;
			target = F20094C22EC3F79E001B3EFD /* ios_dynamic_content_resize */;
			targetProxy = F20094D12EC3F7A0001B3EFD /* PBXContainerItemProxy */;
		};
		F20094DC2EC3F7A0001B3EFD /* PBXTargetDependency */ = {
			isa = PBXTargetDependency;
			target = F20094C22EC3F79E001B3EFD /* ios_dynamic_content_resize */;
			targetProxy = F20094DB2EC3F7A0001B3EFD /* PBXContainerItemProxy */;
		};
/* End PBXTargetDependency section */

/* Begin XCBuildConfiguration section */
		F20094E22EC3F7A0001B3EFD /* Debug */ = {
			isa = XCBuildConfiguration;
			buildSettings = {
				ALWAYS_SEARCH_USER_PATHS = NO;
				ASSETCATALOG_COMPILER_GENERATE_SWIFT_ASSET_SYMBOL_EXTENSIONS = YES;
				CLANG_ANALYZER_NONNULL = YES;
				CLANG_ANALYZER_NUMBER_OBJECT_CONVERSION = YES_AGGRESSIVE;
				CLANG_CXX_LANGUAGE_STANDARD = "gnu++20";
				CLANG_ENABLE_MODULES = YES;
				CLANG_ENABLE_OBJC_ARC = YES;
				CLANG_ENABLE_OBJC_WEAK = YES;
				CLANG_WARN_BLOCK_CAPTURE_AUTORELEASING = YES;
				CLANG_WARN_BOOL_CONVERSION = YES;
				CLANG_WARN_COMMA = YES;
				CLANG_WARN_CONSTANT_CONVERSION = YES;
				CLANG_WARN_DEPRECATED_OBJC_IMPLEMENTATIONS = YES;
				CLANG_WARN_DIRECT_OBJC_ISA_USAGE = YES_ERROR;
				CLANG_WARN_DOCUMENTATION_COMMENTS = YES;
				CLANG_WARN_EMPTY_BODY = YES;
				CLANG_WARN_ENUM_CONVERSION = YES;
				CLANG_WARN_INFINITE_RECURSION = YES;
				CLANG_WARN_INT_CONVERSION = YES;
				CLANG_WARN_NON_LITERAL_NULL_CONVERSION = YES;
				CLANG_WARN_OBJC_IMPLICIT_RETAIN_SELF = YES;
				CLANG_WARN_OBJC_LITERAL_CONVERSION = YES;
				CLANG_WARN_OBJC_ROOT_CLASS = YES_ERROR;
				CLANG_WARN_QUOTED_INCLUDE_IN_FRAMEWORK_HEADER = YES;
				CLANG_WARN_RANGE_LOOP_ANALYSIS = YES;
				CLANG_WARN_STRICT_PROTOTYPES = YES;
				CLANG_WARN_SUSPICIOUS_MOVE = YES;
				CLANG_WARN_UNGUARDED_AVAILABILITY = YES_AGGRESSIVE;
				CLANG_WARN_UNREACHABLE_CODE = YES;
				CLANG_WARN__DUPLICATE_METHOD_MATCH = YES;
				COPY_PHASE_STRIP = NO;
				DEBUG_INFORMATION_FORMAT = dwarf;
				DEVELOPMENT_TEAM = S8QB4VV633;
				ENABLE_STRICT_OBJC_MSGSEND = YES;
				ENABLE_TESTABILITY = YES;
				ENABLE_USER_SCRIPT_SANDBOXING = YES;
				GCC_C_LANGUAGE_STANDARD = gnu17;
				GCC_DYNAMIC_NO_PIC = NO;
				GCC_NO_COMMON_BLOCKS = YES;
				GCC_OPTIMIZATION_LEVEL = 0;
				GCC_PREPROCESSOR_DEFINITIONS = (
					"DEBUG=1",
					"$(inherited)",
				);
				GCC_WARN_64_TO_32_BIT_CONVERSION = YES;
				GCC_WARN_ABOUT_RETURN_TYPE = YES_ERROR;
				GCC_WARN_UNDECLARED_SELECTOR = YES;
				GCC_WARN_UNINITIALIZED_AUTOS = YES_AGGRESSIVE;
				GCC_WARN_UNUSED_FUNCTION = YES;
				GCC_WARN_UNUSED_VARIABLE = YES;
				IPHONEOS_DEPLOYMENT_TARGET = 26.2;
				LOCALIZATION_PREFERS_STRING_CATALOGS = YES;
				MTL_ENABLE_DEBUG_INFO = INCLUDE_SOURCE;
				MTL_FAST_MATH = YES;
				ONLY_ACTIVE_ARCH = YES;
				SDKROOT = iphoneos;
				SWIFT_ACTIVE_COMPILATION_CONDITIONS = "DEBUG $(inherited)";
				SWIFT_OPTIMIZATION_LEVEL = "-Onone";
			};
			name = Debug;
		};
		F20094E32EC3F7A0001B3EFD /* Release */ = {
			isa = XCBuildConfiguration;
			buildSettings = {
				ALWAYS_SEARCH_USER_PATHS = NO;
				ASSETCATALOG_COMPILER_GENERATE_SWIFT_ASSET_SYMBOL_EXTENSIONS = YES;
				CLANG_ANALYZER_NONNULL = YES;
				CLANG_ANALYZER_NUMBER_OBJECT_CONVERSION = YES_AGGRESSIVE;
				CLANG_CXX_LANGUAGE_STANDARD = "gnu++20";
				CLANG_ENABLE_MODULES = YES;
				CLANG_ENABLE_OBJC_ARC = YES;
				CLANG_ENABLE_OBJC_WEAK = YES;
				CLANG_WARN_BLOCK_CAPTURE_AUTORELEASING = YES;
				CLANG_WARN_BOOL_CONVERSION = YES;
				CLANG_WARN_COMMA = YES;
				CLANG_WARN_CONSTANT_CONVERSION = YES;
				CLANG_WARN_DEPRECATED_OBJC_IMPLEMENTATIONS = YES;
				CLANG_WARN_DIRECT_OBJC_ISA_USAGE = YES_ERROR;
				CLANG_WARN_DOCUMENTATION_COMMENTS = YES;
				CLANG_WARN_EMPTY_BODY = YES;
				CLANG_WARN_ENUM_CONVERSION = YES;
				CLANG_WARN_INFINITE_RECURSION = YES;
				CLANG_WARN_INT_CONVERSION = YES;
				CLANG_WARN_NON_LITERAL_NULL_CONVERSION = YES;
				CLANG_WARN_OBJC_IMPLICIT_RETAIN_SELF = YES;
				CLANG_WARN_OBJC_LITERAL_CONVERSION = YES;
				CLANG_WARN_OBJC_ROOT_CLASS = YES_ERROR;
				CLANG_WARN_QUOTED_INCLUDE_IN_FRAMEWORK_HEADER = YES;
				CLANG_WARN_RANGE_LOOP_ANALYSIS = YES;
				CLANG_WARN_STRICT_PROTOTYPES = YES;
				CLANG_WARN_SUSPICIOUS_MOVE = YES;
				CLANG_WARN_UNGUARDED_AVAILABILITY = YES_AGGRESSIVE;
				CLANG_WARN_UNREACHABLE_CODE = YES;
				CLANG_WARN__DUPLICATE_METHOD_MATCH = YES;
				COPY_PHASE_STRIP = NO;
				DEBUG_INFORMATION_FORMAT = "dwarf-with-dsym";
				DEVELOPMENT_TEAM = S8QB4VV633;
				ENABLE_NS_ASSERTIONS = NO;
				ENABLE_STRICT_OBJC_MSGSEND = YES;
				ENABLE_USER_SCRIPT_SANDBOXING = YES;
				GCC_C_LANGUAGE_STANDARD = gnu17;
				GCC_NO_COMMON_BLOCKS = YES;
				GCC_WARN_64_TO_32_BIT_CONVERSION = YES;
				GCC_WARN_ABOUT_RETURN_TYPE = YES_ERROR;
				GCC_WARN_UNDECLARED_SELECTOR = YES;
				GCC_WARN_UNINITIALIZED_AUTOS = YES_AGGRESSIVE;
				GCC_WARN_UNUSED_FUNCTION = YES;
				GCC_WARN_UNUSED_VARIABLE = YES;
				IPHONEOS_DEPLOYMENT_TARGET = 26.2;
				LOCALIZATION_PREFERS_STRING_CATALOGS = YES;
				MTL_ENABLE_DEBUG_INFO = NO;
				MTL_FAST_MATH = YES;
				SDKROOT = iphoneos;
				SWIFT_COMPILATION_MODE = wholemodule;
				VALIDATE_PRODUCT = YES;
			};
			name = Release;
		};
		F20094E52EC3F7A0001B3EFD /* Debug */ = {
			isa = XCBuildConfiguration;
			buildSettings = {
				ASSETCATALOG_COMPILER_APPICON_NAME = AppIcon;
				ASSETCATALOG_COMPILER_GLOBAL_ACCENT_COLOR_NAME = AccentColor;
				CODE_SIGN_STYLE = Automatic;
				CURRENT_PROJECT_VERSION = 1;
				DEVELOPMENT_TEAM = S8QB4VV633;
				ENABLE_PREVIEWS = YES;
				GENERATE_INFOPLIST_FILE = YES;
				INFOPLIST_KEY_UIApplicationSceneManifest_Generation = YES;
				INFOPLIST_KEY_UIApplicationSupportsIndirectInputEvents = YES;
				INFOPLIST_KEY_UILaunchScreen_Generation = YES;
				INFOPLIST_KEY_UISupportedInterfaceOrientations_iPad = "UIInterfaceOrientationPortrait UIInterfaceOrientationPortraitUpsideDown UIInterfaceOrientationLandscapeLeft UIInterfaceOrientationLandscapeRight";
				INFOPLIST_KEY_UISupportedInterfaceOrientations_iPhone = "UIInterfaceOrientationPortrait UIInterfaceOrientationLandscapeLeft UIInterfaceOrientationLandscapeRight";
				LD_RUNPATH_SEARCH_PATHS = (
					"$(inherited)",
					"@executable_path/Frameworks",
				);
				MARKETING_VERSION = 1.0;
				PRODUCT_BUNDLE_IDENTIFIER = "dev.flutter.plugins.ios-dynamic-content-resize";
				PRODUCT_NAME = "$(TARGET_NAME)";
				STRING_CATALOG_GENERATE_SYMBOLS = YES;
				SWIFT_APPROACHABLE_CONCURRENCY = YES;
				SWIFT_DEFAULT_ACTOR_ISOLATION = MainActor;
				SWIFT_EMIT_LOC_STRINGS = YES;
				SWIFT_UPCOMING_FEATURE_MEMBER_IMPORT_VISIBILITY = YES;
				SWIFT_VERSION = 5.0;
				TARGETED_DEVICE_FAMILY = "1,2";
			};
			name = Debug;
		};
		F20094E62EC3F7A0001B3EFD /* Release */ = {
			isa = XCBuildConfiguration;
			buildSettings = {
				ASSETCATALOG_COMPILER_APPICON_NAME = AppIcon;
				ASSETCATALOG_COMPILER_GLOBAL_ACCENT_COLOR_NAME = AccentColor;
				CODE_SIGN_STYLE = Automatic;
				CURRENT_PROJECT_VERSION = 1;
				DEVELOPMENT_TEAM = S8QB4VV633;
				ENABLE_PREVIEWS = YES;
				GENERATE_INFOPLIST_FILE = YES;
				INFOPLIST_KEY_UIApplicationSceneManifest_Generation = YES;
				INFOPLIST_KEY_UIApplicationSupportsIndirectInputEvents = YES;
				INFOPLIST_KEY_UILaunchScreen_Generation = YES;
				INFOPLIST_KEY_UISupportedInterfaceOrientations_iPad = "UIInterfaceOrientationPortrait UIInterfaceOrientationPortraitUpsideDown UIInterfaceOrientationLandscapeLeft UIInterfaceOrientationLandscapeRight";
				INFOPLIST_KEY_UISupportedInterfaceOrientations_iPhone = "UIInterfaceOrientationPortrait UIInterfaceOrientationLandscapeLeft UIInterfaceOrientationLandscapeRight";
				LD_RUNPATH_SEARCH_PATHS = (
					"$(inherited)",
					"@executable_path/Frameworks",
				);
				MARKETING_VERSION = 1.0;
				PRODUCT_BUNDLE_IDENTIFIER = "dev.flutter.plugins.ios-dynamic-content-resize";
				PRODUCT_NAME = "$(TARGET_NAME)";
				STRING_CATALOG_GENERATE_SYMBOLS = YES;
				SWIFT_APPROACHABLE_CONCURRENCY = YES;
				SWIFT_DEFAULT_ACTOR_ISOLATION = MainActor;
				SWIFT_EMIT_LOC_STRINGS = YES;
				SWIFT_UPCOMING_FEATURE_MEMBER_IMPORT_VISIBILITY = YES;
				SWIFT_VERSION = 5.0;
				TARGETED_DEVICE_FAMILY = "1,2";
			};
			name = Release;
		};
		F20094E82EC3F7A0001B3EFD /* Debug */ = {
			isa = XCBuildConfiguration;
			buildSettings = {
				BUNDLE_LOADER = "$(TEST_HOST)";
				CODE_SIGN_STYLE = Automatic;
				CURRENT_PROJECT_VERSION = 1;
				DEVELOPMENT_TEAM = S8QB4VV633;
				GENERATE_INFOPLIST_FILE = YES;
				IPHONEOS_DEPLOYMENT_TARGET = 26.2;
				MARKETING_VERSION = 1.0;
				PRODUCT_BUNDLE_IDENTIFIER = "dev.flutter.plugins.ios-dynamic-content-resizeTests";
				PRODUCT_NAME = "$(TARGET_NAME)";
				STRING_CATALOG_GENERATE_SYMBOLS = NO;
				SWIFT_APPROACHABLE_CONCURRENCY = YES;
				SWIFT_EMIT_LOC_STRINGS = NO;
				SWIFT_UPCOMING_FEATURE_MEMBER_IMPORT_VISIBILITY = YES;
				SWIFT_VERSION = 5.0;
				TARGETED_DEVICE_FAMILY = "1,2";
				TEST_HOST = "$(BUILT_PRODUCTS_DIR)/ios_dynamic_content_resize.app/$(BUNDLE_EXECUTABLE_FOLDER_PATH)/ios_dynamic_content_resize";
			};
			name = Debug;
		};
		F20094E92EC3F7A0001B3EFD /* Release */ = {
			isa = XCBuildConfiguration;
			buildSettings = {
				BUNDLE_LOADER = "$(TEST_HOST)";
				CODE_SIGN_STYLE = Automatic;
				CURRENT_PROJECT_VERSION = 1;
				DEVELOPMENT_TEAM = S8QB4VV633;
				GENERATE_INFOPLIST_FILE = YES;
				IPHONEOS_DEPLOYMENT_TARGET = 26.2;
				MARKETING_VERSION = 1.0;
				PRODUCT_BUNDLE_IDENTIFIER = "dev.flutter.plugins.ios-dynamic-content-resizeTests";
				PRODUCT_NAME = "$(TARGET_NAME)";
				STRING_CATALOG_GENERATE_SYMBOLS = NO;
				SWIFT_APPROACHABLE_CONCURRENCY = YES;
				SWIFT_EMIT_LOC_STRINGS = NO;
				SWIFT_UPCOMING_FEATURE_MEMBER_IMPORT_VISIBILITY = YES;
				SWIFT_VERSION = 5.0;
				TARGETED_DEVICE_FAMILY = "1,2";
				TEST_HOST = "$(BUILT_PRODUCTS_DIR)/ios_dynamic_content_resize.app/$(BUNDLE_EXECUTABLE_FOLDER_PATH)/ios_dynamic_content_resize";
			};
			name = Release;
		};
		F20094EB2EC3F7A0001B3EFD /* Debug */ = {
			isa = XCBuildConfiguration;
			buildSettings = {
				CODE_SIGN_STYLE = Automatic;
				CURRENT_PROJECT_VERSION = 1;
				DEVELOPMENT_TEAM = S8QB4VV633;
				GENERATE_INFOPLIST_FILE = YES;
				MARKETING_VERSION = 1.0;
				PRODUCT_BUNDLE_IDENTIFIER = "dev.flutter.plugins.ios-dynamic-content-resizeUITests";
				PRODUCT_NAME = "$(TARGET_NAME)";
				STRING_CATALOG_GENERATE_SYMBOLS = NO;
				SWIFT_APPROACHABLE_CONCURRENCY = YES;
				SWIFT_EMIT_LOC_STRINGS = NO;
				SWIFT_UPCOMING_FEATURE_MEMBER_IMPORT_VISIBILITY = YES;
				SWIFT_VERSION = 5.0;
				TARGETED_DEVICE_FAMILY = "1,2";
				TEST_TARGET_NAME = ios_dynamic_content_resize;
			};
			name = Debug;
		};
		F20094EC2EC3F7A0001B3EFD /* Release */ = {
			isa = XCBuildConfiguration;
			buildSettings = {
				CODE_SIGN_STYLE = Automatic;
				CURRENT_PROJECT_VERSION = 1;
				DEVELOPMENT_TEAM = S8QB4VV633;
				GENERATE_INFOPLIST_FILE = YES;
				MARKETING_VERSION = 1.0;
				PRODUCT_BUNDLE_IDENTIFIER = "dev.flutter.plugins.ios-dynamic-content-resizeUITests";
				PRODUCT_NAME = "$(TARGET_NAME)";
				STRING_CATALOG_GENERATE_SYMBOLS = NO;
				SWIFT_APPROACHABLE_CONCURRENCY = YES;
				SWIFT_EMIT_LOC_STRINGS = NO;
				SWIFT_UPCOMING_FEATURE_MEMBER_IMPORT_VISIBILITY = YES;
				SWIFT_VERSION = 5.0;
				TARGETED_DEVICE_FAMILY = "1,2";
				TEST_TARGET_NAME = ios_dynamic_content_resize;
			};
			name = Release;
		};
/* End XCBuildConfiguration section */

/* Begin XCConfigurationList section */
		F20094BE2EC3F79E001B3EFD /* Build configuration list for PBXProject "ios_dynamic_content_resize" */ = {
			isa = XCConfigurationList;
			buildConfigurations = (
				F20094E22EC3F7A0001B3EFD /* Debug */,
				F20094E32EC3F7A0001B3EFD /* Release */,
			);
			defaultConfigurationIsVisible = 0;
			defaultConfigurationName = Release;
		};
		F20094E42EC3F7A0001B3EFD /* Build configuration list for PBXNativeTarget "ios_dynamic_content_resize" */ = {
			isa = XCConfigurationList;
			buildConfigurations = (
				F20094E52EC3F7A0001B3EFD /* Debug */,
				F20094E62EC3F7A0001B3EFD /* Release */,
			);
			defaultConfigurationIsVisible = 0;
			defaultConfigurationName = Release;
		};
		F20094E72EC3F7A0001B3EFD /* Build configuration list for PBXNativeTarget "ios_dynamic_content_resizeTests" */ = {
			isa = XCConfigurationList;
			buildConfigurations = (
				F20094E82EC3F7A0001B3EFD /* Debug */,
				F20094E92EC3F7A0001B3EFD /* Release */,
			);
			defaultConfigurationIsVisible = 0;
			defaultConfigurationName = Release;
		};
		F20094EA2EC3F7A0001B3EFD /* Build configuration list for PBXNativeTarget "ios_dynamic_content_resizeUITests" */ = {
			isa = XCConfigurationList;
			buildConfigurations = (
				F20094EB2EC3F7A0001B3EFD /* Debug */,
				F20094EC2EC3F7A0001B3EFD /* Release */,
			);
			defaultConfigurationIsVisible = 0;
			defaultConfigurationName = Release;
		};
/* End XCConfigurationList section */
	};
	rootObject = F20094BB2EC3F79E001B3EFD /* Project object */;
}
