PODS:
  - federated_plugin (0.0.1):
    - Flutter
  - Flutter (1.0.0)

DEPENDENCIES:
  - federated_plugin (from `.symlinks/plugins/federated_plugin/ios`)
  - Flutter (from `Flutter`)

EXTERNAL SOURCES:
  federated_plugin:
    :path: ".symlinks/plugins/federated_plugin/ios"
  Flutter:
    :path: Flutter

SPEC CHECKSUMS:
  federated_plugin: fc73b9de221f57591994d50fb41640ad2eb12913
  Flutter: 50d75fe2f02b26cc09d224853bb45737f8b3214a

PODFILE CHECKSUM: aafe91acc616949ddb318b77800a7f51bffa2a4c

COCOAPODS: 1.11.2
